
Microsoft Visual Studio Solution File, Format Version 12.00
# Visual Studio Version 16
VisualStudioVersion = 16.0.810.23
MinimumVisualStudioVersion = 10.0.40219.1
Project("{FAE04EC0-301F-11D3-BF4B-00C04F79EFBC}") = "NumberProperties", "NumberProperties\NumberProperties.csproj", "{8F38BF46-80CC-4688-9F65-651C02DE37FE}"
EndProject
Project("{FAE04EC0-301F-11D3-BF4B-00C04F79EFBC}") = "Primes", "Primes\Primes.csproj", "{C5D0C73D-B51D-468E-ABA1-B6A06CDF1CCE}"
EndProject
Project("{FAE04EC0-301F-11D3-BF4B-00C04F79EFBC}") = "Evens", "Evens\Evens.csproj", "{1AB50BC0-0BC0-4B3A-B9D7-F9BB9440271A}"
EndProject
Global
	GlobalSection(SolutionConfigurationPlatforms) = preSolution
		Debug|Any CPU = Debug|Any CPU
		Release|Any CPU = Release|Any CPU
	EndGlobalSection
	GlobalSection(ProjectConfigurationPlatforms) = postSolution
		{8F38BF46-80CC-4688-9F65-651C02DE37FE}.Debug|Any CPU.ActiveCfg = Debug|Any CPU
		{8F38BF46-80CC-4688-9F65-651C02DE37FE}.Debug|Any CPU.Build.0 = Debug|Any CPU
		{8F38BF46-80CC-4688-9F65-651C02DE37FE}.Release|Any CPU.ActiveCfg = Release|Any CPU
		{8F38BF46-80CC-4688-9F65-651C02DE37FE}.Release|Any CPU.Build.0 = Release|Any CPU
		{C5D0C73D-B51D-468E-ABA1-B6A06CDF1CCE}.Debug|Any CPU.ActiveCfg = Debug|Any CPU
		{C5D0C73D-B51D-468E-ABA1-B6A06CDF1CCE}.Debug|Any CPU.Build.0 = Debug|Any CPU
		{C5D0C73D-B51D-468E-ABA1-B6A06CDF1CCE}.Release|Any CPU.ActiveCfg = Release|Any CPU
		{C5D0C73D-B51D-468E-ABA1-B6A06CDF1CCE}.Release|Any CPU.Build.0 = Release|Any CPU
		{1AB50BC0-0BC0-4B3A-B9D7-F9BB9440271A}.Debug|Any CPU.ActiveCfg = Debug|Any CPU
		{1AB50BC0-0BC0-4B3A-B9D7-F9BB9440271A}.Debug|Any CPU.Build.0 = Debug|Any CPU
		{1AB50BC0-0BC0-4B3A-B9D7-F9BB9440271A}.Release|Any CPU.ActiveCfg = Release|Any CPU
		{1AB50BC0-0BC0-4B3A-B9D7-F9BB9440271A}.Release|Any CPU.Build.0 = Release|Any CPU
	EndGlobalSection
	GlobalSection(SolutionProperties) = preSolution
		HideSolutionNode = FALSE
	EndGlobalSection
	GlobalSection(ExtensibilityGlobals) = postSolution
		SolutionGuid = {907017FB-746F-4D5A-ADCD-33C075728AE9}
	EndGlobalSection
EndGlobal
