
Microsoft Visual Studio Solution File, Format Version 12.00
# Visual Studio Version 17
VisualStudioVersion = 17.2.32519.379
MinimumVisualStudioVersion = 10.0.40219.1
Project("{FAE04EC0-301F-11D3-BF4B-00C04F79EFBC}") = "Calculator.UWP", "Calculator\Calculator.UWP\Calculator.UWP.csproj", "{E1A39535-4776-421E-9DCE-F1BCE2514776}"
EndProject
Project("{FAE04EC0-301F-11D3-BF4B-00C04F79EFBC}") = "Calculator.Android", "Calculator\Calculator.Android\Calculator.Android.csproj", "{8FFDFFFB-CC15-44F5-B1E4-324A560F0C2B}"
EndProject
Project("{FAE04EC0-301F-11D3-BF4B-00C04F79EFBC}") = "Calculator.iOS", "Calculator\Calculator.iOS\Calculator.iOS.csproj", "{75CCCE08-FC00-4507-8EC4-3CD9E0975450}"
EndProject
Project("{FAE04EC0-301F-11D3-BF4B-00C04F79EFBC}") = "Calculator", "Calculator\Calculator\Calculator.csproj", "{A0AC3393-88B6-448A-9F25-BDBDCD62651B}"
EndProject
Global
	GlobalSection(SolutionConfigurationPlatforms) = preSolution
		Debug|Any CPU = Debug|Any CPU
		Debug|ARM = Debug|ARM
		Debug|iPhone = Debug|iPhone
		Debug|iPhoneSimulator = Debug|iPhoneSimulator
		Debug|x64 = Debug|x64
		Debug|x86 = Debug|x86
		Release|Any CPU = Release|Any CPU
		Release|ARM = Release|ARM
		Release|iPhone = Release|iPhone
		Release|iPhoneSimulator = Release|iPhoneSimulator
		Release|x64 = Release|x64
		Release|x86 = Release|x86
	EndGlobalSection
	GlobalSection(ProjectConfigurationPlatforms) = postSolution
		{E1A39535-4776-421E-9DCE-F1BCE2514776}.Debug|Any CPU.ActiveCfg = Debug|x64
		{E1A39535-4776-421E-9DCE-F1BCE2514776}.Debug|Any CPU.Build.0 = Debug|x64
		{E1A39535-4776-421E-9DCE-F1BCE2514776}.Debug|Any CPU.Deploy.0 = Debug|x64
		{E1A39535-4776-421E-9DCE-F1BCE2514776}.Debug|ARM.ActiveCfg = Debug|ARM
		{E1A39535-4776-421E-9DCE-F1BCE2514776}.Debug|ARM.Build.0 = Debug|ARM
		{E1A39535-4776-421E-9DCE-F1BCE2514776}.Debug|ARM.Deploy.0 = Debug|ARM
		{E1A39535-4776-421E-9DCE-F1BCE2514776}.Debug|iPhone.ActiveCfg = Debug|x64
		{E1A39535-4776-421E-9DCE-F1BCE2514776}.Debug|iPhone.Build.0 = Debug|x64
		{E1A39535-4776-421E-9DCE-F1BCE2514776}.Debug|iPhone.Deploy.0 = Debug|x64
		{E1A39535-4776-421E-9DCE-F1BCE2514776}.Debug|iPhoneSimulator.ActiveCfg = Debug|x64
		{E1A39535-4776-421E-9DCE-F1BCE2514776}.Debug|iPhoneSimulator.Build.0 = Debug|x64
		{E1A39535-4776-421E-9DCE-F1BCE2514776}.Debug|iPhoneSimulator.Deploy.0 = Debug|x64
		{E1A39535-4776-421E-9DCE-F1BCE2514776}.Debug|x64.ActiveCfg = Debug|x64
		{E1A39535-4776-421E-9DCE-F1BCE2514776}.Debug|x64.Build.0 = Debug|x64
		{E1A39535-4776-421E-9DCE-F1BCE2514776}.Debug|x64.Deploy.0 = Debug|x64
		{E1A39535-4776-421E-9DCE-F1BCE2514776}.Debug|x86.ActiveCfg = Debug|x86
		{E1A39535-4776-421E-9DCE-F1BCE2514776}.Debug|x86.Build.0 = Debug|x86
		{E1A39535-4776-421E-9DCE-F1BCE2514776}.Debug|x86.Deploy.0 = Debug|x86
		{E1A39535-4776-421E-9DCE-F1BCE2514776}.Release|Any CPU.ActiveCfg = Release|x64
		{E1A39535-4776-421E-9DCE-F1BCE2514776}.Release|Any CPU.Build.0 = Release|x64
		{E1A39535-4776-421E-9DCE-F1BCE2514776}.Release|Any CPU.Deploy.0 = Release|x64
		{E1A39535-4776-421E-9DCE-F1BCE2514776}.Release|ARM.ActiveCfg = Release|ARM
		{E1A39535-4776-421E-9DCE-F1BCE2514776}.Release|ARM.Build.0 = Release|ARM
		{E1A39535-4776-421E-9DCE-F1BCE2514776}.Release|ARM.Deploy.0 = Release|ARM
		{E1A39535-4776-421E-9DCE-F1BCE2514776}.Release|iPhone.ActiveCfg = Release|x64
		{E1A39535-4776-421E-9DCE-F1BCE2514776}.Release|iPhone.Build.0 = Release|x64
		{E1A39535-4776-421E-9DCE-F1BCE2514776}.Release|iPhone.Deploy.0 = Release|x64
		{E1A39535-4776-421E-9DCE-F1BCE2514776}.Release|iPhoneSimulator.ActiveCfg = Release|x64
		{E1A39535-4776-421E-9DCE-F1BCE2514776}.Release|iPhoneSimulator.Build.0 = Release|x64
		{E1A39535-4776-421E-9DCE-F1BCE2514776}.Release|iPhoneSimulator.Deploy.0 = Release|x64
		{E1A39535-4776-421E-9DCE-F1BCE2514776}.Release|x64.ActiveCfg = Release|x64
		{E1A39535-4776-421E-9DCE-F1BCE2514776}.Release|x64.Build.0 = Release|x64
		{E1A39535-4776-421E-9DCE-F1BCE2514776}.Release|x64.Deploy.0 = Release|x64
		{E1A39535-4776-421E-9DCE-F1BCE2514776}.Release|x86.ActiveCfg = Release|x86
		{E1A39535-4776-421E-9DCE-F1BCE2514776}.Release|x86.Build.0 = Release|x86
		{E1A39535-4776-421E-9DCE-F1BCE2514776}.Release|x86.Deploy.0 = Release|x86
		{8FFDFFFB-CC15-44F5-B1E4-324A560F0C2B}.Debug|Any CPU.ActiveCfg = Debug|Any CPU
		{8FFDFFFB-CC15-44F5-B1E4-324A560F0C2B}.Debug|Any CPU.Build.0 = Debug|Any CPU
		{8FFDFFFB-CC15-44F5-B1E4-324A560F0C2B}.Debug|Any CPU.Deploy.0 = Debug|Any CPU
		{8FFDFFFB-CC15-44F5-B1E4-324A560F0C2B}.Debug|ARM.ActiveCfg = Debug|Any CPU
		{8FFDFFFB-CC15-44F5-B1E4-324A560F0C2B}.Debug|ARM.Build.0 = Debug|Any CPU
		{8FFDFFFB-CC15-44F5-B1E4-324A560F0C2B}.Debug|ARM.Deploy.0 = Debug|Any CPU
		{8FFDFFFB-CC15-44F5-B1E4-324A560F0C2B}.Debug|iPhone.ActiveCfg = Debug|Any CPU
		{8FFDFFFB-CC15-44F5-B1E4-324A560F0C2B}.Debug|iPhone.Build.0 = Debug|Any CPU
		{8FFDFFFB-CC15-44F5-B1E4-324A560F0C2B}.Debug|iPhone.Deploy.0 = Debug|Any CPU
		{8FFDFFFB-CC15-44F5-B1E4-324A560F0C2B}.Debug|iPhoneSimulator.ActiveCfg = Debug|Any CPU
		{8FFDFFFB-CC15-44F5-B1E4-324A560F0C2B}.Debug|iPhoneSimulator.Build.0 = Debug|Any CPU
		{8FFDFFFB-CC15-44F5-B1E4-324A560F0C2B}.Debug|iPhoneSimulator.Deploy.0 = Debug|Any CPU
		{8FFDFFFB-CC15-44F5-B1E4-324A560F0C2B}.Debug|x64.ActiveCfg = Debug|Any CPU
		{8FFDFFFB-CC15-44F5-B1E4-324A560F0C2B}.Debug|x64.Build.0 = Debug|Any CPU
		{8FFDFFFB-CC15-44F5-B1E4-324A560F0C2B}.Debug|x64.Deploy.0 = Debug|Any CPU
		{8FFDFFFB-CC15-44F5-B1E4-324A560F0C2B}.Debug|x86.ActiveCfg = Debug|Any CPU
		{8FFDFFFB-CC15-44F5-B1E4-324A560F0C2B}.Debug|x86.Build.0 = Debug|Any CPU
		{8FFDFFFB-CC15-44F5-B1E4-324A560F0C2B}.Debug|x86.Deploy.0 = Debug|Any CPU
		{8FFDFFFB-CC15-44F5-B1E4-324A560F0C2B}.Release|Any CPU.ActiveCfg = Release|Any CPU
		{8FFDFFFB-CC15-44F5-B1E4-324A560F0C2B}.Release|Any CPU.Build.0 = Release|Any CPU
		{8FFDFFFB-CC15-44F5-B1E4-324A560F0C2B}.Release|Any CPU.Deploy.0 = Release|Any CPU
		{8FFDFFFB-CC15-44F5-B1E4-324A560F0C2B}.Release|ARM.ActiveCfg = Release|Any CPU
		{8FFDFFFB-CC15-44F5-B1E4-324A560F0C2B}.Release|ARM.Build.0 = Release|Any CPU
		{8FFDFFFB-CC15-44F5-B1E4-324A560F0C2B}.Release|ARM.Deploy.0 = Release|Any CPU
		{8FFDFFFB-CC15-44F5-B1E4-324A560F0C2B}.Release|iPhone.ActiveCfg = Release|Any CPU
		{8FFDFFFB-CC15-44F5-B1E4-324A560F0C2B}.Release|iPhone.Build.0 = Release|Any CPU
		{8FFDFFFB-CC15-44F5-B1E4-324A560F0C2B}.Release|iPhone.Deploy.0 = Release|Any CPU
		{8FFDFFFB-CC15-44F5-B1E4-324A560F0C2B}.Release|iPhoneSimulator.ActiveCfg = Release|Any CPU
		{8FFDFFFB-CC15-44F5-B1E4-324A560F0C2B}.Release|iPhoneSimulator.Build.0 = Release|Any CPU
		{8FFDFFFB-CC15-44F5-B1E4-324A560F0C2B}.Release|iPhoneSimulator.Deploy.0 = Release|Any CPU
		{8FFDFFFB-CC15-44F5-B1E4-324A560F0C2B}.Release|x64.ActiveCfg = Release|Any CPU
		{8FFDFFFB-CC15-44F5-B1E4-324A560F0C2B}.Release|x64.Build.0 = Release|Any CPU
		{8FFDFFFB-CC15-44F5-B1E4-324A560F0C2B}.Release|x64.Deploy.0 = Release|Any CPU
		{8FFDFFFB-CC15-44F5-B1E4-324A560F0C2B}.Release|x86.ActiveCfg = Release|Any CPU
		{8FFDFFFB-CC15-44F5-B1E4-324A560F0C2B}.Release|x86.Build.0 = Release|Any CPU
		{8FFDFFFB-CC15-44F5-B1E4-324A560F0C2B}.Release|x86.Deploy.0 = Release|Any CPU
		{75CCCE08-FC00-4507-8EC4-3CD9E0975450}.Debug|Any CPU.ActiveCfg = Debug|iPhoneSimulator
		{75CCCE08-FC00-4507-8EC4-3CD9E0975450}.Debug|Any CPU.Build.0 = Debug|iPhoneSimulator
		{75CCCE08-FC00-4507-8EC4-3CD9E0975450}.Debug|Any CPU.Deploy.0 = Debug|iPhoneSimulator
		{75CCCE08-FC00-4507-8EC4-3CD9E0975450}.Debug|ARM.ActiveCfg = Debug|iPhoneSimulator
		{75CCCE08-FC00-4507-8EC4-3CD9E0975450}.Debug|ARM.Build.0 = Debug|iPhoneSimulator
		{75CCCE08-FC00-4507-8EC4-3CD9E0975450}.Debug|ARM.Deploy.0 = Debug|iPhoneSimulator
		{75CCCE08-FC00-4507-8EC4-3CD9E0975450}.Debug|iPhone.ActiveCfg = Debug|iPhone
		{75CCCE08-FC00-4507-8EC4-3CD9E0975450}.Debug|iPhone.Build.0 = Debug|iPhone
		{75CCCE08-FC00-4507-8EC4-3CD9E0975450}.Debug|iPhone.Deploy.0 = Debug|iPhone
		{75CCCE08-FC00-4507-8EC4-3CD9E0975450}.Debug|iPhoneSimulator.ActiveCfg = Debug|iPhoneSimulator
		{75CCCE08-FC00-4507-8EC4-3CD9E0975450}.Debug|iPhoneSimulator.Build.0 = Debug|iPhoneSimulator
		{75CCCE08-FC00-4507-8EC4-3CD9E0975450}.Debug|iPhoneSimulator.Deploy.0 = Debug|iPhoneSimulator
		{75CCCE08-FC00-4507-8EC4-3CD9E0975450}.Debug|x64.ActiveCfg = Debug|iPhone
		{75CCCE08-FC00-4507-8EC4-3CD9E0975450}.Debug|x64.Build.0 = Debug|iPhone
		{75CCCE08-FC00-4507-8EC4-3CD9E0975450}.Debug|x64.Deploy.0 = Debug|iPhone
		{75CCCE08-FC00-4507-8EC4-3CD9E0975450}.Debug|x86.ActiveCfg = Debug|iPhoneSimulator
		{75CCCE08-FC00-4507-8EC4-3CD9E0975450}.Debug|x86.Build.0 = Debug|iPhoneSimulator
		{75CCCE08-FC00-4507-8EC4-3CD9E0975450}.Debug|x86.Deploy.0 = Debug|iPhoneSimulator
		{75CCCE08-FC00-4507-8EC4-3CD9E0975450}.Release|Any CPU.ActiveCfg = Release|iPhoneSimulator
		{75CCCE08-FC00-4507-8EC4-3CD9E0975450}.Release|Any CPU.Build.0 = Release|iPhoneSimulator
		{75CCCE08-FC00-4507-8EC4-3CD9E0975450}.Release|Any CPU.Deploy.0 = Release|iPhoneSimulator
		{75CCCE08-FC00-4507-8EC4-3CD9E0975450}.Release|ARM.ActiveCfg = Release|iPhoneSimulator
		{75CCCE08-FC00-4507-8EC4-3CD9E0975450}.Release|ARM.Build.0 = Release|iPhoneSimulator
		{75CCCE08-FC00-4507-8EC4-3CD9E0975450}.Release|ARM.Deploy.0 = Release|iPhoneSimulator
		{75CCCE08-FC00-4507-8EC4-3CD9E0975450}.Release|iPhone.ActiveCfg = Release|iPhone
		{75CCCE08-FC00-4507-8EC4-3CD9E0975450}.Release|iPhone.Build.0 = Release|iPhone
		{75CCCE08-FC00-4507-8EC4-3CD9E0975450}.Release|iPhone.Deploy.0 = Release|iPhone
		{75CCCE08-FC00-4507-8EC4-3CD9E0975450}.Release|iPhoneSimulator.ActiveCfg = Release|iPhoneSimulator
		{75CCCE08-FC00-4507-8EC4-3CD9E0975450}.Release|iPhoneSimulator.Build.0 = Release|iPhoneSimulator
		{75CCCE08-FC00-4507-8EC4-3CD9E0975450}.Release|iPhoneSimulator.Deploy.0 = Release|iPhoneSimulator
		{75CCCE08-FC00-4507-8EC4-3CD9E0975450}.Release|x64.ActiveCfg = Release|iPhoneSimulator
		{75CCCE08-FC00-4507-8EC4-3CD9E0975450}.Release|x64.Build.0 = Release|iPhoneSimulator
		{75CCCE08-FC00-4507-8EC4-3CD9E0975450}.Release|x64.Deploy.0 = Release|iPhoneSimulator
		{75CCCE08-FC00-4507-8EC4-3CD9E0975450}.Release|x86.ActiveCfg = Release|iPhoneSimulator
		{75CCCE08-FC00-4507-8EC4-3CD9E0975450}.Release|x86.Build.0 = Release|iPhoneSimulator
		{75CCCE08-FC00-4507-8EC4-3CD9E0975450}.Release|x86.Deploy.0 = Release|iPhoneSimulator
		{A0AC3393-88B6-448A-9F25-BDBDCD62651B}.Debug|Any CPU.ActiveCfg = Debug|Any CPU
		{A0AC3393-88B6-448A-9F25-BDBDCD62651B}.Debug|Any CPU.Build.0 = Debug|Any CPU
		{A0AC3393-88B6-448A-9F25-BDBDCD62651B}.Debug|Any CPU.Deploy.0 = Debug|Any CPU
		{A0AC3393-88B6-448A-9F25-BDBDCD62651B}.Debug|ARM.ActiveCfg = Debug|Any CPU
		{A0AC3393-88B6-448A-9F25-BDBDCD62651B}.Debug|ARM.Build.0 = Debug|Any CPU
		{A0AC3393-88B6-448A-9F25-BDBDCD62651B}.Debug|ARM.Deploy.0 = Debug|Any CPU
		{A0AC3393-88B6-448A-9F25-BDBDCD62651B}.Debug|iPhone.ActiveCfg = Debug|Any CPU
		{A0AC3393-88B6-448A-9F25-BDBDCD62651B}.Debug|iPhone.Build.0 = Debug|Any CPU
		{A0AC3393-88B6-448A-9F25-BDBDCD62651B}.Debug|iPhone.Deploy.0 = Debug|Any CPU
		{A0AC3393-88B6-448A-9F25-BDBDCD62651B}.Debug|iPhoneSimulator.ActiveCfg = Debug|Any CPU
		{A0AC3393-88B6-448A-9F25-BDBDCD62651B}.Debug|iPhoneSimulator.Build.0 = Debug|Any CPU
		{A0AC3393-88B6-448A-9F25-BDBDCD62651B}.Debug|iPhoneSimulator.Deploy.0 = Debug|Any CPU
		{A0AC3393-88B6-448A-9F25-BDBDCD62651B}.Debug|x64.ActiveCfg = Debug|Any CPU
		{A0AC3393-88B6-448A-9F25-BDBDCD62651B}.Debug|x64.Build.0 = Debug|Any CPU
		{A0AC3393-88B6-448A-9F25-BDBDCD62651B}.Debug|x64.Deploy.0 = Debug|Any CPU
		{A0AC3393-88B6-448A-9F25-BDBDCD62651B}.Debug|x86.ActiveCfg = Debug|Any CPU
		{A0AC3393-88B6-448A-9F25-BDBDCD62651B}.Debug|x86.Build.0 = Debug|Any CPU
		{A0AC3393-88B6-448A-9F25-BDBDCD62651B}.Debug|x86.Deploy.0 = Debug|Any CPU
		{A0AC3393-88B6-448A-9F25-BDBDCD62651B}.Release|Any CPU.ActiveCfg = Release|Any CPU
		{A0AC3393-88B6-448A-9F25-BDBDCD62651B}.Release|Any CPU.Build.0 = Release|Any CPU
		{A0AC3393-88B6-448A-9F25-BDBDCD62651B}.Release|Any CPU.Deploy.0 = Release|Any CPU
		{A0AC3393-88B6-448A-9F25-BDBDCD62651B}.Release|ARM.ActiveCfg = Release|Any CPU
		{A0AC3393-88B6-448A-9F25-BDBDCD62651B}.Release|ARM.Build.0 = Release|Any CPU
		{A0AC3393-88B6-448A-9F25-BDBDCD62651B}.Release|ARM.Deploy.0 = Release|Any CPU
		{A0AC3393-88B6-448A-9F25-BDBDCD62651B}.Release|iPhone.ActiveCfg = Release|Any CPU
		{A0AC3393-88B6-448A-9F25-BDBDCD62651B}.Release|iPhone.Build.0 = Release|Any CPU
		{A0AC3393-88B6-448A-9F25-BDBDCD62651B}.Release|iPhone.Deploy.0 = Release|Any CPU
		{A0AC3393-88B6-448A-9F25-BDBDCD62651B}.Release|iPhoneSimulator.ActiveCfg = Release|Any CPU
		{A0AC3393-88B6-448A-9F25-BDBDCD62651B}.Release|iPhoneSimulator.Build.0 = Release|Any CPU
		{A0AC3393-88B6-448A-9F25-BDBDCD62651B}.Release|iPhoneSimulator.Deploy.0 = Release|Any CPU
		{A0AC3393-88B6-448A-9F25-BDBDCD62651B}.Release|x64.ActiveCfg = Release|Any CPU
		{A0AC3393-88B6-448A-9F25-BDBDCD62651B}.Release|x64.Build.0 = Release|Any CPU
		{A0AC3393-88B6-448A-9F25-BDBDCD62651B}.Release|x64.Deploy.0 = Release|Any CPU
		{A0AC3393-88B6-448A-9F25-BDBDCD62651B}.Release|x86.ActiveCfg = Release|Any CPU
		{A0AC3393-88B6-448A-9F25-BDBDCD62651B}.Release|x86.Build.0 = Release|Any CPU
		{A0AC3393-88B6-448A-9F25-BDBDCD62651B}.Release|x86.Deploy.0 = Release|Any CPU
	EndGlobalSection
	GlobalSection(SolutionProperties) = preSolution
		HideSolutionNode = FALSE
	EndGlobalSection
	GlobalSection(ExtensibilityGlobals) = postSolution
		SolutionGuid = {D290742F-74E1-4945-A0EA-013E1774C093}
	EndGlobalSection
EndGlobal
