
Microsoft Visual Studio Solution File, Format Version 12.00
# Visual Studio Version 17
VisualStudioVersion = 17.2.32519.379
MinimumVisualStudioVersion = 10.0.40219.1
Project("{FAE04EC0-301F-11D3-BF4B-00C04F79EFBC}") = "Exercise - Zipcodes from Webservice.UWP", "Exercise - Zipcodes from Webservice\Exercise - Zipcodes from Webservice.UWP\Exercise - Zipcodes from Webservice.UWP.csproj", "{99CFEBB4-2D3B-4FAE-BFD7-426792CC996D}"
EndProject
Project("{FAE04EC0-301F-11D3-BF4B-00C04F79EFBC}") = "Exercise - Zipcodes from Webservice.Android", "Exercise - Zipcodes from Webservice\Exercise - Zipcodes from Webservice.Android\Exercise - Zipcodes from Webservice.Android.csproj", "{92C11B41-75BB-44C3-AB48-1C5920EF9FFA}"
EndProject
Project("{FAE04EC0-301F-11D3-BF4B-00C04F79EFBC}") = "Exercise - Zipcodes from Webservice.iOS", "Exercise - Zipcodes from Webservice\Exercise - Zipcodes from Webservice.iOS\Exercise - Zipcodes from Webservice.iOS.csproj", "{28B92825-294F-460F-AAD2-EDE208619560}"
EndProject
Project("{FAE04EC0-301F-11D3-BF4B-00C04F79EFBC}") = "Exercise - Zipcodes from Webservice", "Exercise - Zipcodes from Webservice\Exercise - Zipcodes from Webservice\Exercise - Zipcodes from Webservice.csproj", "{A9E30431-F36A-42A0-BC8D-2E92E6ADDB56}"
EndProject
Global
	GlobalSection(SolutionConfigurationPlatforms) = preSolution
		Debug|Any CPU = Debug|Any CPU
		Debug|ARM = Debug|ARM
		Debug|iPhone = Debug|iPhone
		Debug|iPhoneSimulator = Debug|iPhoneSimulator
		Debug|x64 = Debug|x64
		Debug|x86 = Debug|x86
		Release|Any CPU = Release|Any CPU
		Release|ARM = Release|ARM
		Release|iPhone = Release|iPhone
		Release|iPhoneSimulator = Release|iPhoneSimulator
		Release|x64 = Release|x64
		Release|x86 = Release|x86
	EndGlobalSection
	GlobalSection(ProjectConfigurationPlatforms) = postSolution
		{99CFEBB4-2D3B-4FAE-BFD7-426792CC996D}.Debug|Any CPU.ActiveCfg = Debug|x64
		{99CFEBB4-2D3B-4FAE-BFD7-426792CC996D}.Debug|Any CPU.Build.0 = Debug|x64
		{99CFEBB4-2D3B-4FAE-BFD7-426792CC996D}.Debug|Any CPU.Deploy.0 = Debug|x64
		{99CFEBB4-2D3B-4FAE-BFD7-426792CC996D}.Debug|ARM.ActiveCfg = Debug|ARM
		{99CFEBB4-2D3B-4FAE-BFD7-426792CC996D}.Debug|ARM.Build.0 = Debug|ARM
		{99CFEBB4-2D3B-4FAE-BFD7-426792CC996D}.Debug|ARM.Deploy.0 = Debug|ARM
		{99CFEBB4-2D3B-4FAE-BFD7-426792CC996D}.Debug|iPhone.ActiveCfg = Debug|x64
		{99CFEBB4-2D3B-4FAE-BFD7-426792CC996D}.Debug|iPhone.Build.0 = Debug|x64
		{99CFEBB4-2D3B-4FAE-BFD7-426792CC996D}.Debug|iPhone.Deploy.0 = Debug|x64
		{99CFEBB4-2D3B-4FAE-BFD7-426792CC996D}.Debug|iPhoneSimulator.ActiveCfg = Debug|x64
		{99CFEBB4-2D3B-4FAE-BFD7-426792CC996D}.Debug|iPhoneSimulator.Build.0 = Debug|x64
		{99CFEBB4-2D3B-4FAE-BFD7-426792CC996D}.Debug|iPhoneSimulator.Deploy.0 = Debug|x64
		{99CFEBB4-2D3B-4FAE-BFD7-426792CC996D}.Debug|x64.ActiveCfg = Debug|x64
		{99CFEBB4-2D3B-4FAE-BFD7-426792CC996D}.Debug|x64.Build.0 = Debug|x64
		{99CFEBB4-2D3B-4FAE-BFD7-426792CC996D}.Debug|x64.Deploy.0 = Debug|x64
		{99CFEBB4-2D3B-4FAE-BFD7-426792CC996D}.Debug|x86.ActiveCfg = Debug|x86
		{99CFEBB4-2D3B-4FAE-BFD7-426792CC996D}.Debug|x86.Build.0 = Debug|x86
		{99CFEBB4-2D3B-4FAE-BFD7-426792CC996D}.Debug|x86.Deploy.0 = Debug|x86
		{99CFEBB4-2D3B-4FAE-BFD7-426792CC996D}.Release|Any CPU.ActiveCfg = Release|x64
		{99CFEBB4-2D3B-4FAE-BFD7-426792CC996D}.Release|Any CPU.Build.0 = Release|x64
		{99CFEBB4-2D3B-4FAE-BFD7-426792CC996D}.Release|Any CPU.Deploy.0 = Release|x64
		{99CFEBB4-2D3B-4FAE-BFD7-426792CC996D}.Release|ARM.ActiveCfg = Release|ARM
		{99CFEBB4-2D3B-4FAE-BFD7-426792CC996D}.Release|ARM.Build.0 = Release|ARM
		{99CFEBB4-2D3B-4FAE-BFD7-426792CC996D}.Release|ARM.Deploy.0 = Release|ARM
		{99CFEBB4-2D3B-4FAE-BFD7-426792CC996D}.Release|iPhone.ActiveCfg = Release|x64
		{99CFEBB4-2D3B-4FAE-BFD7-426792CC996D}.Release|iPhone.Build.0 = Release|x64
		{99CFEBB4-2D3B-4FAE-BFD7-426792CC996D}.Release|iPhone.Deploy.0 = Release|x64
		{99CFEBB4-2D3B-4FAE-BFD7-426792CC996D}.Release|iPhoneSimulator.ActiveCfg = Release|x64
		{99CFEBB4-2D3B-4FAE-BFD7-426792CC996D}.Release|iPhoneSimulator.Build.0 = Release|x64
		{99CFEBB4-2D3B-4FAE-BFD7-426792CC996D}.Release|iPhoneSimulator.Deploy.0 = Release|x64
		{99CFEBB4-2D3B-4FAE-BFD7-426792CC996D}.Release|x64.ActiveCfg = Release|x64
		{99CFEBB4-2D3B-4FAE-BFD7-426792CC996D}.Release|x64.Build.0 = Release|x64
		{99CFEBB4-2D3B-4FAE-BFD7-426792CC996D}.Release|x64.Deploy.0 = Release|x64
		{99CFEBB4-2D3B-4FAE-BFD7-426792CC996D}.Release|x86.ActiveCfg = Release|x86
		{99CFEBB4-2D3B-4FAE-BFD7-426792CC996D}.Release|x86.Build.0 = Release|x86
		{99CFEBB4-2D3B-4FAE-BFD7-426792CC996D}.Release|x86.Deploy.0 = Release|x86
		{92C11B41-75BB-44C3-AB48-1C5920EF9FFA}.Debug|Any CPU.ActiveCfg = Debug|Any CPU
		{92C11B41-75BB-44C3-AB48-1C5920EF9FFA}.Debug|Any CPU.Build.0 = Debug|Any CPU
		{92C11B41-75BB-44C3-AB48-1C5920EF9FFA}.Debug|Any CPU.Deploy.0 = Debug|Any CPU
		{92C11B41-75BB-44C3-AB48-1C5920EF9FFA}.Debug|ARM.ActiveCfg = Debug|Any CPU
		{92C11B41-75BB-44C3-AB48-1C5920EF9FFA}.Debug|ARM.Build.0 = Debug|Any CPU
		{92C11B41-75BB-44C3-AB48-1C5920EF9FFA}.Debug|ARM.Deploy.0 = Debug|Any CPU
		{92C11B41-75BB-44C3-AB48-1C5920EF9FFA}.Debug|iPhone.ActiveCfg = Debug|Any CPU
		{92C11B41-75BB-44C3-AB48-1C5920EF9FFA}.Debug|iPhone.Build.0 = Debug|Any CPU
		{92C11B41-75BB-44C3-AB48-1C5920EF9FFA}.Debug|iPhone.Deploy.0 = Debug|Any CPU
		{92C11B41-75BB-44C3-AB48-1C5920EF9FFA}.Debug|iPhoneSimulator.ActiveCfg = Debug|Any CPU
		{92C11B41-75BB-44C3-AB48-1C5920EF9FFA}.Debug|iPhoneSimulator.Build.0 = Debug|Any CPU
		{92C11B41-75BB-44C3-AB48-1C5920EF9FFA}.Debug|iPhoneSimulator.Deploy.0 = Debug|Any CPU
		{92C11B41-75BB-44C3-AB48-1C5920EF9FFA}.Debug|x64.ActiveCfg = Debug|Any CPU
		{92C11B41-75BB-44C3-AB48-1C5920EF9FFA}.Debug|x64.Build.0 = Debug|Any CPU
		{92C11B41-75BB-44C3-AB48-1C5920EF9FFA}.Debug|x64.Deploy.0 = Debug|Any CPU
		{92C11B41-75BB-44C3-AB48-1C5920EF9FFA}.Debug|x86.ActiveCfg = Debug|Any CPU
		{92C11B41-75BB-44C3-AB48-1C5920EF9FFA}.Debug|x86.Build.0 = Debug|Any CPU
		{92C11B41-75BB-44C3-AB48-1C5920EF9FFA}.Debug|x86.Deploy.0 = Debug|Any CPU
		{92C11B41-75BB-44C3-AB48-1C5920EF9FFA}.Release|Any CPU.ActiveCfg = Release|Any CPU
		{92C11B41-75BB-44C3-AB48-1C5920EF9FFA}.Release|Any CPU.Build.0 = Release|Any CPU
		{92C11B41-75BB-44C3-AB48-1C5920EF9FFA}.Release|Any CPU.Deploy.0 = Release|Any CPU
		{92C11B41-75BB-44C3-AB48-1C5920EF9FFA}.Release|ARM.ActiveCfg = Release|Any CPU
		{92C11B41-75BB-44C3-AB48-1C5920EF9FFA}.Release|ARM.Build.0 = Release|Any CPU
		{92C11B41-75BB-44C3-AB48-1C5920EF9FFA}.Release|ARM.Deploy.0 = Release|Any CPU
		{92C11B41-75BB-44C3-AB48-1C5920EF9FFA}.Release|iPhone.ActiveCfg = Release|Any CPU
		{92C11B41-75BB-44C3-AB48-1C5920EF9FFA}.Release|iPhone.Build.0 = Release|Any CPU
		{92C11B41-75BB-44C3-AB48-1C5920EF9FFA}.Release|iPhone.Deploy.0 = Release|Any CPU
		{92C11B41-75BB-44C3-AB48-1C5920EF9FFA}.Release|iPhoneSimulator.ActiveCfg = Release|Any CPU
		{92C11B41-75BB-44C3-AB48-1C5920EF9FFA}.Release|iPhoneSimulator.Build.0 = Release|Any CPU
		{92C11B41-75BB-44C3-AB48-1C5920EF9FFA}.Release|iPhoneSimulator.Deploy.0 = Release|Any CPU
		{92C11B41-75BB-44C3-AB48-1C5920EF9FFA}.Release|x64.ActiveCfg = Release|Any CPU
		{92C11B41-75BB-44C3-AB48-1C5920EF9FFA}.Release|x64.Build.0 = Release|Any CPU
		{92C11B41-75BB-44C3-AB48-1C5920EF9FFA}.Release|x64.Deploy.0 = Release|Any CPU
		{92C11B41-75BB-44C3-AB48-1C5920EF9FFA}.Release|x86.ActiveCfg = Release|Any CPU
		{92C11B41-75BB-44C3-AB48-1C5920EF9FFA}.Release|x86.Build.0 = Release|Any CPU
		{92C11B41-75BB-44C3-AB48-1C5920EF9FFA}.Release|x86.Deploy.0 = Release|Any CPU
		{28B92825-294F-460F-AAD2-EDE208619560}.Debug|Any CPU.ActiveCfg = Debug|iPhoneSimulator
		{28B92825-294F-460F-AAD2-EDE208619560}.Debug|Any CPU.Build.0 = Debug|iPhoneSimulator
		{28B92825-294F-460F-AAD2-EDE208619560}.Debug|Any CPU.Deploy.0 = Debug|iPhoneSimulator
		{28B92825-294F-460F-AAD2-EDE208619560}.Debug|ARM.ActiveCfg = Debug|iPhoneSimulator
		{28B92825-294F-460F-AAD2-EDE208619560}.Debug|ARM.Build.0 = Debug|iPhoneSimulator
		{28B92825-294F-460F-AAD2-EDE208619560}.Debug|ARM.Deploy.0 = Debug|iPhoneSimulator
		{28B92825-294F-460F-AAD2-EDE208619560}.Debug|iPhone.ActiveCfg = Debug|iPhone
		{28B92825-294F-460F-AAD2-EDE208619560}.Debug|iPhone.Build.0 = Debug|iPhone
		{28B92825-294F-460F-AAD2-EDE208619560}.Debug|iPhone.Deploy.0 = Debug|iPhone
		{28B92825-294F-460F-AAD2-EDE208619560}.Debug|iPhoneSimulator.ActiveCfg = Debug|iPhoneSimulator
		{28B92825-294F-460F-AAD2-EDE208619560}.Debug|iPhoneSimulator.Build.0 = Debug|iPhoneSimulator
		{28B92825-294F-460F-AAD2-EDE208619560}.Debug|iPhoneSimulator.Deploy.0 = Debug|iPhoneSimulator
		{28B92825-294F-460F-AAD2-EDE208619560}.Debug|x64.ActiveCfg = Debug|iPhone
		{28B92825-294F-460F-AAD2-EDE208619560}.Debug|x64.Build.0 = Debug|iPhone
		{28B92825-294F-460F-AAD2-EDE208619560}.Debug|x64.Deploy.0 = Debug|iPhone
		{28B92825-294F-460F-AAD2-EDE208619560}.Debug|x86.ActiveCfg = Debug|iPhoneSimulator
		{28B92825-294F-460F-AAD2-EDE208619560}.Debug|x86.Build.0 = Debug|iPhoneSimulator
		{28B92825-294F-460F-AAD2-EDE208619560}.Debug|x86.Deploy.0 = Debug|iPhoneSimulator
		{28B92825-294F-460F-AAD2-EDE208619560}.Release|Any CPU.ActiveCfg = Release|iPhoneSimulator
		{28B92825-294F-460F-AAD2-EDE208619560}.Release|Any CPU.Build.0 = Release|iPhoneSimulator
		{28B92825-294F-460F-AAD2-EDE208619560}.Release|Any CPU.Deploy.0 = Release|iPhoneSimulator
		{28B92825-294F-460F-AAD2-EDE208619560}.Release|ARM.ActiveCfg = Release|iPhoneSimulator
		{28B92825-294F-460F-AAD2-EDE208619560}.Release|ARM.Build.0 = Release|iPhoneSimulator
		{28B92825-294F-460F-AAD2-EDE208619560}.Release|ARM.Deploy.0 = Release|iPhoneSimulator
		{28B92825-294F-460F-AAD2-EDE208619560}.Release|iPhone.ActiveCfg = Release|iPhone
		{28B92825-294F-460F-AAD2-EDE208619560}.Release|iPhone.Build.0 = Release|iPhone
		{28B92825-294F-460F-AAD2-EDE208619560}.Release|iPhone.Deploy.0 = Release|iPhone
		{28B92825-294F-460F-AAD2-EDE208619560}.Release|iPhoneSimulator.ActiveCfg = Release|iPhoneSimulator
		{28B92825-294F-460F-AAD2-EDE208619560}.Release|iPhoneSimulator.Build.0 = Release|iPhoneSimulator
		{28B92825-294F-460F-AAD2-EDE208619560}.Release|iPhoneSimulator.Deploy.0 = Release|iPhoneSimulator
		{28B92825-294F-460F-AAD2-EDE208619560}.Release|x64.ActiveCfg = Release|iPhoneSimulator
		{28B92825-294F-460F-AAD2-EDE208619560}.Release|x64.Build.0 = Release|iPhoneSimulator
		{28B92825-294F-460F-AAD2-EDE208619560}.Release|x64.Deploy.0 = Release|iPhoneSimulator
		{28B92825-294F-460F-AAD2-EDE208619560}.Release|x86.ActiveCfg = Release|iPhoneSimulator
		{28B92825-294F-460F-AAD2-EDE208619560}.Release|x86.Build.0 = Release|iPhoneSimulator
		{28B92825-294F-460F-AAD2-EDE208619560}.Release|x86.Deploy.0 = Release|iPhoneSimulator
		{A9E30431-F36A-42A0-BC8D-2E92E6ADDB56}.Debug|Any CPU.ActiveCfg = Debug|Any CPU
		{A9E30431-F36A-42A0-BC8D-2E92E6ADDB56}.Debug|Any CPU.Build.0 = Debug|Any CPU
		{A9E30431-F36A-42A0-BC8D-2E92E6ADDB56}.Debug|Any CPU.Deploy.0 = Debug|Any CPU
		{A9E30431-F36A-42A0-BC8D-2E92E6ADDB56}.Debug|ARM.ActiveCfg = Debug|Any CPU
		{A9E30431-F36A-42A0-BC8D-2E92E6ADDB56}.Debug|ARM.Build.0 = Debug|Any CPU
		{A9E30431-F36A-42A0-BC8D-2E92E6ADDB56}.Debug|ARM.Deploy.0 = Debug|Any CPU
		{A9E30431-F36A-42A0-BC8D-2E92E6ADDB56}.Debug|iPhone.ActiveCfg = Debug|Any CPU
		{A9E30431-F36A-42A0-BC8D-2E92E6ADDB56}.Debug|iPhone.Build.0 = Debug|Any CPU
		{A9E30431-F36A-42A0-BC8D-2E92E6ADDB56}.Debug|iPhone.Deploy.0 = Debug|Any CPU
		{A9E30431-F36A-42A0-BC8D-2E92E6ADDB56}.Debug|iPhoneSimulator.ActiveCfg = Debug|Any CPU
		{A9E30431-F36A-42A0-BC8D-2E92E6ADDB56}.Debug|iPhoneSimulator.Build.0 = Debug|Any CPU
		{A9E30431-F36A-42A0-BC8D-2E92E6ADDB56}.Debug|iPhoneSimulator.Deploy.0 = Debug|Any CPU
		{A9E30431-F36A-42A0-BC8D-2E92E6ADDB56}.Debug|x64.ActiveCfg = Debug|Any CPU
		{A9E30431-F36A-42A0-BC8D-2E92E6ADDB56}.Debug|x64.Build.0 = Debug|Any CPU
		{A9E30431-F36A-42A0-BC8D-2E92E6ADDB56}.Debug|x64.Deploy.0 = Debug|Any CPU
		{A9E30431-F36A-42A0-BC8D-2E92E6ADDB56}.Debug|x86.ActiveCfg = Debug|Any CPU
		{A9E30431-F36A-42A0-BC8D-2E92E6ADDB56}.Debug|x86.Build.0 = Debug|Any CPU
		{A9E30431-F36A-42A0-BC8D-2E92E6ADDB56}.Debug|x86.Deploy.0 = Debug|Any CPU
		{A9E30431-F36A-42A0-BC8D-2E92E6ADDB56}.Release|Any CPU.ActiveCfg = Release|Any CPU
		{A9E30431-F36A-42A0-BC8D-2E92E6ADDB56}.Release|Any CPU.Build.0 = Release|Any CPU
		{A9E30431-F36A-42A0-BC8D-2E92E6ADDB56}.Release|Any CPU.Deploy.0 = Release|Any CPU
		{A9E30431-F36A-42A0-BC8D-2E92E6ADDB56}.Release|ARM.ActiveCfg = Release|Any CPU
		{A9E30431-F36A-42A0-BC8D-2E92E6ADDB56}.Release|ARM.Build.0 = Release|Any CPU
		{A9E30431-F36A-42A0-BC8D-2E92E6ADDB56}.Release|ARM.Deploy.0 = Release|Any CPU
		{A9E30431-F36A-42A0-BC8D-2E92E6ADDB56}.Release|iPhone.ActiveCfg = Release|Any CPU
		{A9E30431-F36A-42A0-BC8D-2E92E6ADDB56}.Release|iPhone.Build.0 = Release|Any CPU
		{A9E30431-F36A-42A0-BC8D-2E92E6ADDB56}.Release|iPhone.Deploy.0 = Release|Any CPU
		{A9E30431-F36A-42A0-BC8D-2E92E6ADDB56}.Release|iPhoneSimulator.ActiveCfg = Release|Any CPU
		{A9E30431-F36A-42A0-BC8D-2E92E6ADDB56}.Release|iPhoneSimulator.Build.0 = Release|Any CPU
		{A9E30431-F36A-42A0-BC8D-2E92E6ADDB56}.Release|iPhoneSimulator.Deploy.0 = Release|Any CPU
		{A9E30431-F36A-42A0-BC8D-2E92E6ADDB56}.Release|x64.ActiveCfg = Release|Any CPU
		{A9E30431-F36A-42A0-BC8D-2E92E6ADDB56}.Release|x64.Build.0 = Release|Any CPU
		{A9E30431-F36A-42A0-BC8D-2E92E6ADDB56}.Release|x64.Deploy.0 = Release|Any CPU
		{A9E30431-F36A-42A0-BC8D-2E92E6ADDB56}.Release|x86.ActiveCfg = Release|Any CPU
		{A9E30431-F36A-42A0-BC8D-2E92E6ADDB56}.Release|x86.Build.0 = Release|Any CPU
		{A9E30431-F36A-42A0-BC8D-2E92E6ADDB56}.Release|x86.Deploy.0 = Release|Any CPU
	EndGlobalSection
	GlobalSection(SolutionProperties) = preSolution
		HideSolutionNode = FALSE
	EndGlobalSection
	GlobalSection(ExtensibilityGlobals) = postSolution
		SolutionGuid = {51BD0744-793B-444E-AE82-938DBEE4F73E}
	EndGlobalSection
EndGlobal
