
Microsoft Visual Studio Solution File, Format Version 12.00
# Visual Studio Version 16
VisualStudioVersion = 16.0.29806.167
MinimumVisualStudioVersion = 10.0.40219.1
Project("{FAE04EC0-301F-11D3-BF4B-00C04F79EFBC}") = "ListViewCSTemplate.UWP", "ListViewCSTemplate\ListViewCSTemplate.UWP\ListViewCSTemplate.UWP.csproj", "{B8AF0939-B6B4-4CC7-A24F-DFF0F55ADD30}"
EndProject
Project("{FAE04EC0-301F-11D3-BF4B-00C04F79EFBC}") = "ListViewCSTemplate.Android", "ListViewCSTemplate\ListViewCSTemplate.Android\ListViewCSTemplate.Android.csproj", "{EA080CDB-8733-4B1A-9522-3F4CC6192F8D}"
EndProject
Project("{FAE04EC0-301F-11D3-BF4B-00C04F79EFBC}") = "ListViewCSTemplate.iOS", "ListViewCSTemplate\ListViewCSTemplate.iOS\ListViewCSTemplate.iOS.csproj", "{7D35166E-76FC-4F35-85AD-25A58DFDB7AF}"
EndProject
Project("{FAE04EC0-301F-11D3-BF4B-00C04F79EFBC}") = "ListViewCSTemplate", "ListViewCSTemplate\ListViewCSTemplate\ListViewCSTemplate.csproj", "{EDD9224F-3625-496B-9D08-1DC8FC6753A0}"
EndProject
Global
	GlobalSection(SolutionConfigurationPlatforms) = preSolution
		Debug|Any CPU = Debug|Any CPU
		Debug|ARM = Debug|ARM
		Debug|iPhone = Debug|iPhone
		Debug|iPhoneSimulator = Debug|iPhoneSimulator
		Debug|x64 = Debug|x64
		Debug|x86 = Debug|x86
		Release|Any CPU = Release|Any CPU
		Release|ARM = Release|ARM
		Release|iPhone = Release|iPhone
		Release|iPhoneSimulator = Release|iPhoneSimulator
		Release|x64 = Release|x64
		Release|x86 = Release|x86
	EndGlobalSection
	GlobalSection(ProjectConfigurationPlatforms) = postSolution
		{B8AF0939-B6B4-4CC7-A24F-DFF0F55ADD30}.Debug|Any CPU.ActiveCfg = Debug|x86
		{B8AF0939-B6B4-4CC7-A24F-DFF0F55ADD30}.Debug|Any CPU.Build.0 = Debug|x86
		{B8AF0939-B6B4-4CC7-A24F-DFF0F55ADD30}.Debug|Any CPU.Deploy.0 = Debug|x86
		{B8AF0939-B6B4-4CC7-A24F-DFF0F55ADD30}.Debug|ARM.ActiveCfg = Debug|ARM
		{B8AF0939-B6B4-4CC7-A24F-DFF0F55ADD30}.Debug|ARM.Build.0 = Debug|ARM
		{B8AF0939-B6B4-4CC7-A24F-DFF0F55ADD30}.Debug|ARM.Deploy.0 = Debug|ARM
		{B8AF0939-B6B4-4CC7-A24F-DFF0F55ADD30}.Debug|iPhone.ActiveCfg = Debug|x86
		{B8AF0939-B6B4-4CC7-A24F-DFF0F55ADD30}.Debug|iPhone.Build.0 = Debug|x86
		{B8AF0939-B6B4-4CC7-A24F-DFF0F55ADD30}.Debug|iPhone.Deploy.0 = Debug|x86
		{B8AF0939-B6B4-4CC7-A24F-DFF0F55ADD30}.Debug|iPhoneSimulator.ActiveCfg = Debug|x86
		{B8AF0939-B6B4-4CC7-A24F-DFF0F55ADD30}.Debug|iPhoneSimulator.Build.0 = Debug|x86
		{B8AF0939-B6B4-4CC7-A24F-DFF0F55ADD30}.Debug|iPhoneSimulator.Deploy.0 = Debug|x86
		{B8AF0939-B6B4-4CC7-A24F-DFF0F55ADD30}.Debug|x64.ActiveCfg = Debug|x64
		{B8AF0939-B6B4-4CC7-A24F-DFF0F55ADD30}.Debug|x64.Build.0 = Debug|x64
		{B8AF0939-B6B4-4CC7-A24F-DFF0F55ADD30}.Debug|x64.Deploy.0 = Debug|x64
		{B8AF0939-B6B4-4CC7-A24F-DFF0F55ADD30}.Debug|x86.ActiveCfg = Debug|x86
		{B8AF0939-B6B4-4CC7-A24F-DFF0F55ADD30}.Debug|x86.Build.0 = Debug|x86
		{B8AF0939-B6B4-4CC7-A24F-DFF0F55ADD30}.Debug|x86.Deploy.0 = Debug|x86
		{B8AF0939-B6B4-4CC7-A24F-DFF0F55ADD30}.Release|Any CPU.ActiveCfg = Release|x86
		{B8AF0939-B6B4-4CC7-A24F-DFF0F55ADD30}.Release|Any CPU.Build.0 = Release|x86
		{B8AF0939-B6B4-4CC7-A24F-DFF0F55ADD30}.Release|Any CPU.Deploy.0 = Release|x86
		{B8AF0939-B6B4-4CC7-A24F-DFF0F55ADD30}.Release|ARM.ActiveCfg = Release|ARM
		{B8AF0939-B6B4-4CC7-A24F-DFF0F55ADD30}.Release|ARM.Build.0 = Release|ARM
		{B8AF0939-B6B4-4CC7-A24F-DFF0F55ADD30}.Release|ARM.Deploy.0 = Release|ARM
		{B8AF0939-B6B4-4CC7-A24F-DFF0F55ADD30}.Release|iPhone.ActiveCfg = Release|x86
		{B8AF0939-B6B4-4CC7-A24F-DFF0F55ADD30}.Release|iPhone.Build.0 = Release|x86
		{B8AF0939-B6B4-4CC7-A24F-DFF0F55ADD30}.Release|iPhone.Deploy.0 = Release|x86
		{B8AF0939-B6B4-4CC7-A24F-DFF0F55ADD30}.Release|iPhoneSimulator.ActiveCfg = Release|x86
		{B8AF0939-B6B4-4CC7-A24F-DFF0F55ADD30}.Release|iPhoneSimulator.Build.0 = Release|x86
		{B8AF0939-B6B4-4CC7-A24F-DFF0F55ADD30}.Release|iPhoneSimulator.Deploy.0 = Release|x86
		{B8AF0939-B6B4-4CC7-A24F-DFF0F55ADD30}.Release|x64.ActiveCfg = Release|x64
		{B8AF0939-B6B4-4CC7-A24F-DFF0F55ADD30}.Release|x64.Build.0 = Release|x64
		{B8AF0939-B6B4-4CC7-A24F-DFF0F55ADD30}.Release|x64.Deploy.0 = Release|x64
		{B8AF0939-B6B4-4CC7-A24F-DFF0F55ADD30}.Release|x86.ActiveCfg = Release|x86
		{B8AF0939-B6B4-4CC7-A24F-DFF0F55ADD30}.Release|x86.Build.0 = Release|x86
		{B8AF0939-B6B4-4CC7-A24F-DFF0F55ADD30}.Release|x86.Deploy.0 = Release|x86
		{EA080CDB-8733-4B1A-9522-3F4CC6192F8D}.Debug|Any CPU.ActiveCfg = Debug|Any CPU
		{EA080CDB-8733-4B1A-9522-3F4CC6192F8D}.Debug|Any CPU.Build.0 = Debug|Any CPU
		{EA080CDB-8733-4B1A-9522-3F4CC6192F8D}.Debug|Any CPU.Deploy.0 = Debug|Any CPU
		{EA080CDB-8733-4B1A-9522-3F4CC6192F8D}.Debug|ARM.ActiveCfg = Debug|Any CPU
		{EA080CDB-8733-4B1A-9522-3F4CC6192F8D}.Debug|ARM.Build.0 = Debug|Any CPU
		{EA080CDB-8733-4B1A-9522-3F4CC6192F8D}.Debug|ARM.Deploy.0 = Debug|Any CPU
		{EA080CDB-8733-4B1A-9522-3F4CC6192F8D}.Debug|iPhone.ActiveCfg = Debug|Any CPU
		{EA080CDB-8733-4B1A-9522-3F4CC6192F8D}.Debug|iPhone.Build.0 = Debug|Any CPU
		{EA080CDB-8733-4B1A-9522-3F4CC6192F8D}.Debug|iPhone.Deploy.0 = Debug|Any CPU
		{EA080CDB-8733-4B1A-9522-3F4CC6192F8D}.Debug|iPhoneSimulator.ActiveCfg = Debug|Any CPU
		{EA080CDB-8733-4B1A-9522-3F4CC6192F8D}.Debug|iPhoneSimulator.Build.0 = Debug|Any CPU
		{EA080CDB-8733-4B1A-9522-3F4CC6192F8D}.Debug|iPhoneSimulator.Deploy.0 = Debug|Any CPU
		{EA080CDB-8733-4B1A-9522-3F4CC6192F8D}.Debug|x64.ActiveCfg = Debug|Any CPU
		{EA080CDB-8733-4B1A-9522-3F4CC6192F8D}.Debug|x64.Build.0 = Debug|Any CPU
		{EA080CDB-8733-4B1A-9522-3F4CC6192F8D}.Debug|x64.Deploy.0 = Debug|Any CPU
		{EA080CDB-8733-4B1A-9522-3F4CC6192F8D}.Debug|x86.ActiveCfg = Debug|Any CPU
		{EA080CDB-8733-4B1A-9522-3F4CC6192F8D}.Debug|x86.Build.0 = Debug|Any CPU
		{EA080CDB-8733-4B1A-9522-3F4CC6192F8D}.Debug|x86.Deploy.0 = Debug|Any CPU
		{EA080CDB-8733-4B1A-9522-3F4CC6192F8D}.Release|Any CPU.ActiveCfg = Release|Any CPU
		{EA080CDB-8733-4B1A-9522-3F4CC6192F8D}.Release|Any CPU.Build.0 = Release|Any CPU
		{EA080CDB-8733-4B1A-9522-3F4CC6192F8D}.Release|Any CPU.Deploy.0 = Release|Any CPU
		{EA080CDB-8733-4B1A-9522-3F4CC6192F8D}.Release|ARM.ActiveCfg = Release|Any CPU
		{EA080CDB-8733-4B1A-9522-3F4CC6192F8D}.Release|ARM.Build.0 = Release|Any CPU
		{EA080CDB-8733-4B1A-9522-3F4CC6192F8D}.Release|ARM.Deploy.0 = Release|Any CPU
		{EA080CDB-8733-4B1A-9522-3F4CC6192F8D}.Release|iPhone.ActiveCfg = Release|Any CPU
		{EA080CDB-8733-4B1A-9522-3F4CC6192F8D}.Release|iPhone.Build.0 = Release|Any CPU
		{EA080CDB-8733-4B1A-9522-3F4CC6192F8D}.Release|iPhone.Deploy.0 = Release|Any CPU
		{EA080CDB-8733-4B1A-9522-3F4CC6192F8D}.Release|iPhoneSimulator.ActiveCfg = Release|Any CPU
		{EA080CDB-8733-4B1A-9522-3F4CC6192F8D}.Release|iPhoneSimulator.Build.0 = Release|Any CPU
		{EA080CDB-8733-4B1A-9522-3F4CC6192F8D}.Release|iPhoneSimulator.Deploy.0 = Release|Any CPU
		{EA080CDB-8733-4B1A-9522-3F4CC6192F8D}.Release|x64.ActiveCfg = Release|Any CPU
		{EA080CDB-8733-4B1A-9522-3F4CC6192F8D}.Release|x64.Build.0 = Release|Any CPU
		{EA080CDB-8733-4B1A-9522-3F4CC6192F8D}.Release|x64.Deploy.0 = Release|Any CPU
		{EA080CDB-8733-4B1A-9522-3F4CC6192F8D}.Release|x86.ActiveCfg = Release|Any CPU
		{EA080CDB-8733-4B1A-9522-3F4CC6192F8D}.Release|x86.Build.0 = Release|Any CPU
		{EA080CDB-8733-4B1A-9522-3F4CC6192F8D}.Release|x86.Deploy.0 = Release|Any CPU
		{7D35166E-76FC-4F35-85AD-25A58DFDB7AF}.Debug|Any CPU.ActiveCfg = Debug|iPhone
		{7D35166E-76FC-4F35-85AD-25A58DFDB7AF}.Debug|Any CPU.Build.0 = Debug|iPhone
		{7D35166E-76FC-4F35-85AD-25A58DFDB7AF}.Debug|Any CPU.Deploy.0 = Debug|iPhone
		{7D35166E-76FC-4F35-85AD-25A58DFDB7AF}.Debug|ARM.ActiveCfg = Debug|iPhoneSimulator
		{7D35166E-76FC-4F35-85AD-25A58DFDB7AF}.Debug|ARM.Build.0 = Debug|iPhoneSimulator
		{7D35166E-76FC-4F35-85AD-25A58DFDB7AF}.Debug|ARM.Deploy.0 = Debug|iPhoneSimulator
		{7D35166E-76FC-4F35-85AD-25A58DFDB7AF}.Debug|iPhone.ActiveCfg = Debug|iPhone
		{7D35166E-76FC-4F35-85AD-25A58DFDB7AF}.Debug|iPhone.Build.0 = Debug|iPhone
		{7D35166E-76FC-4F35-85AD-25A58DFDB7AF}.Debug|iPhone.Deploy.0 = Debug|iPhone
		{7D35166E-76FC-4F35-85AD-25A58DFDB7AF}.Debug|iPhoneSimulator.ActiveCfg = Debug|iPhoneSimulator
		{7D35166E-76FC-4F35-85AD-25A58DFDB7AF}.Debug|iPhoneSimulator.Build.0 = Debug|iPhoneSimulator
		{7D35166E-76FC-4F35-85AD-25A58DFDB7AF}.Debug|iPhoneSimulator.Deploy.0 = Debug|iPhoneSimulator
		{7D35166E-76FC-4F35-85AD-25A58DFDB7AF}.Debug|x64.ActiveCfg = Debug|iPhone
		{7D35166E-76FC-4F35-85AD-25A58DFDB7AF}.Debug|x64.Build.0 = Debug|iPhone
		{7D35166E-76FC-4F35-85AD-25A58DFDB7AF}.Debug|x64.Deploy.0 = Debug|iPhone
		{7D35166E-76FC-4F35-85AD-25A58DFDB7AF}.Debug|x86.ActiveCfg = Debug|iPhone
		{7D35166E-76FC-4F35-85AD-25A58DFDB7AF}.Debug|x86.Build.0 = Debug|iPhone
		{7D35166E-76FC-4F35-85AD-25A58DFDB7AF}.Debug|x86.Deploy.0 = Debug|iPhone
		{7D35166E-76FC-4F35-85AD-25A58DFDB7AF}.Release|Any CPU.ActiveCfg = Release|iPhone
		{7D35166E-76FC-4F35-85AD-25A58DFDB7AF}.Release|Any CPU.Build.0 = Release|iPhone
		{7D35166E-76FC-4F35-85AD-25A58DFDB7AF}.Release|Any CPU.Deploy.0 = Release|iPhone
		{7D35166E-76FC-4F35-85AD-25A58DFDB7AF}.Release|ARM.ActiveCfg = Release|iPhone
		{7D35166E-76FC-4F35-85AD-25A58DFDB7AF}.Release|ARM.Build.0 = Release|iPhone
		{7D35166E-76FC-4F35-85AD-25A58DFDB7AF}.Release|ARM.Deploy.0 = Release|iPhone
		{7D35166E-76FC-4F35-85AD-25A58DFDB7AF}.Release|iPhone.ActiveCfg = Release|iPhone
		{7D35166E-76FC-4F35-85AD-25A58DFDB7AF}.Release|iPhone.Build.0 = Release|iPhone
		{7D35166E-76FC-4F35-85AD-25A58DFDB7AF}.Release|iPhone.Deploy.0 = Release|iPhone
		{7D35166E-76FC-4F35-85AD-25A58DFDB7AF}.Release|iPhoneSimulator.ActiveCfg = Release|iPhoneSimulator
		{7D35166E-76FC-4F35-85AD-25A58DFDB7AF}.Release|iPhoneSimulator.Build.0 = Release|iPhoneSimulator
		{7D35166E-76FC-4F35-85AD-25A58DFDB7AF}.Release|iPhoneSimulator.Deploy.0 = Release|iPhoneSimulator
		{7D35166E-76FC-4F35-85AD-25A58DFDB7AF}.Release|x64.ActiveCfg = Release|iPhone
		{7D35166E-76FC-4F35-85AD-25A58DFDB7AF}.Release|x64.Build.0 = Release|iPhone
		{7D35166E-76FC-4F35-85AD-25A58DFDB7AF}.Release|x64.Deploy.0 = Release|iPhone
		{7D35166E-76FC-4F35-85AD-25A58DFDB7AF}.Release|x86.ActiveCfg = Release|iPhone
		{7D35166E-76FC-4F35-85AD-25A58DFDB7AF}.Release|x86.Build.0 = Release|iPhone
		{7D35166E-76FC-4F35-85AD-25A58DFDB7AF}.Release|x86.Deploy.0 = Release|iPhone
		{EDD9224F-3625-496B-9D08-1DC8FC6753A0}.Debug|Any CPU.ActiveCfg = Debug|Any CPU
		{EDD9224F-3625-496B-9D08-1DC8FC6753A0}.Debug|Any CPU.Build.0 = Debug|Any CPU
		{EDD9224F-3625-496B-9D08-1DC8FC6753A0}.Debug|Any CPU.Deploy.0 = Debug|Any CPU
		{EDD9224F-3625-496B-9D08-1DC8FC6753A0}.Debug|ARM.ActiveCfg = Debug|Any CPU
		{EDD9224F-3625-496B-9D08-1DC8FC6753A0}.Debug|ARM.Build.0 = Debug|Any CPU
		{EDD9224F-3625-496B-9D08-1DC8FC6753A0}.Debug|ARM.Deploy.0 = Debug|Any CPU
		{EDD9224F-3625-496B-9D08-1DC8FC6753A0}.Debug|iPhone.ActiveCfg = Debug|Any CPU
		{EDD9224F-3625-496B-9D08-1DC8FC6753A0}.Debug|iPhone.Build.0 = Debug|Any CPU
		{EDD9224F-3625-496B-9D08-1DC8FC6753A0}.Debug|iPhone.Deploy.0 = Debug|Any CPU
		{EDD9224F-3625-496B-9D08-1DC8FC6753A0}.Debug|iPhoneSimulator.ActiveCfg = Debug|Any CPU
		{EDD9224F-3625-496B-9D08-1DC8FC6753A0}.Debug|iPhoneSimulator.Build.0 = Debug|Any CPU
		{EDD9224F-3625-496B-9D08-1DC8FC6753A0}.Debug|iPhoneSimulator.Deploy.0 = Debug|Any CPU
		{EDD9224F-3625-496B-9D08-1DC8FC6753A0}.Debug|x64.ActiveCfg = Debug|Any CPU
		{EDD9224F-3625-496B-9D08-1DC8FC6753A0}.Debug|x64.Build.0 = Debug|Any CPU
		{EDD9224F-3625-496B-9D08-1DC8FC6753A0}.Debug|x64.Deploy.0 = Debug|Any CPU
		{EDD9224F-3625-496B-9D08-1DC8FC6753A0}.Debug|x86.ActiveCfg = Debug|Any CPU
		{EDD9224F-3625-496B-9D08-1DC8FC6753A0}.Debug|x86.Build.0 = Debug|Any CPU
		{EDD9224F-3625-496B-9D08-1DC8FC6753A0}.Debug|x86.Deploy.0 = Debug|Any CPU
		{EDD9224F-3625-496B-9D08-1DC8FC6753A0}.Release|Any CPU.ActiveCfg = Release|Any CPU
		{EDD9224F-3625-496B-9D08-1DC8FC6753A0}.Release|Any CPU.Build.0 = Release|Any CPU
		{EDD9224F-3625-496B-9D08-1DC8FC6753A0}.Release|Any CPU.Deploy.0 = Release|Any CPU
		{EDD9224F-3625-496B-9D08-1DC8FC6753A0}.Release|ARM.ActiveCfg = Release|Any CPU
		{EDD9224F-3625-496B-9D08-1DC8FC6753A0}.Release|ARM.Build.0 = Release|Any CPU
		{EDD9224F-3625-496B-9D08-1DC8FC6753A0}.Release|ARM.Deploy.0 = Release|Any CPU
		{EDD9224F-3625-496B-9D08-1DC8FC6753A0}.Release|iPhone.ActiveCfg = Release|Any CPU
		{EDD9224F-3625-496B-9D08-1DC8FC6753A0}.Release|iPhone.Build.0 = Release|Any CPU
		{EDD9224F-3625-496B-9D08-1DC8FC6753A0}.Release|iPhone.Deploy.0 = Release|Any CPU
		{EDD9224F-3625-496B-9D08-1DC8FC6753A0}.Release|iPhoneSimulator.ActiveCfg = Release|Any CPU
		{EDD9224F-3625-496B-9D08-1DC8FC6753A0}.Release|iPhoneSimulator.Build.0 = Release|Any CPU
		{EDD9224F-3625-496B-9D08-1DC8FC6753A0}.Release|iPhoneSimulator.Deploy.0 = Release|Any CPU
		{EDD9224F-3625-496B-9D08-1DC8FC6753A0}.Release|x64.ActiveCfg = Release|Any CPU
		{EDD9224F-3625-496B-9D08-1DC8FC6753A0}.Release|x64.Build.0 = Release|Any CPU
		{EDD9224F-3625-496B-9D08-1DC8FC6753A0}.Release|x64.Deploy.0 = Release|Any CPU
		{EDD9224F-3625-496B-9D08-1DC8FC6753A0}.Release|x86.ActiveCfg = Release|Any CPU
		{EDD9224F-3625-496B-9D08-1DC8FC6753A0}.Release|x86.Build.0 = Release|Any CPU
		{EDD9224F-3625-496B-9D08-1DC8FC6753A0}.Release|x86.Deploy.0 = Release|Any CPU
	EndGlobalSection
	GlobalSection(SolutionProperties) = preSolution
		HideSolutionNode = FALSE
	EndGlobalSection
	GlobalSection(ExtensibilityGlobals) = postSolution
		SolutionGuid = {399402BE-9A25-4A80-A694-40C2946F18B2}
	EndGlobalSection
EndGlobal
