
Microsoft Visual Studio Solution File, Format Version 12.00
# Visual Studio Version 16
VisualStudioVersion = 16.0.29806.167
MinimumVisualStudioVersion = 10.0.40219.1
Project("{FAE04EC0-301F-11D3-BF4B-00C04F79EFBC}") = "TrainingDB.UWP", "TrainingDB\TrainingDB.UWP\TrainingDB.UWP.csproj", "{F3C1206E-AC96-41FF-82DC-9433E6B4803D}"
EndProject
Project("{FAE04EC0-301F-11D3-BF4B-00C04F79EFBC}") = "TrainingDB.Android", "TrainingDB\TrainingDB.Android\TrainingDB.Android.csproj", "{E9673AB0-BEEE-40B4-9B8E-22B6E74B713A}"
EndProject
Project("{FAE04EC0-301F-11D3-BF4B-00C04F79EFBC}") = "TrainingDB.iOS", "TrainingDB\TrainingDB.iOS\TrainingDB.iOS.csproj", "{90400C10-53E8-4F13-A4A7-44F7F6E84E94}"
EndProject
Project("{9A19103F-16F7-4668-BE54-9A1E7A4F7556}") = "TrainingDB", "TrainingDB\TrainingDB\TrainingDB.csproj", "{E224C96D-95F1-4378-9942-774057235ABC}"
EndProject
Global
	GlobalSection(SolutionConfigurationPlatforms) = preSolution
		Debug|Any CPU = Debug|Any CPU
		Debug|ARM = Debug|ARM
		Debug|iPhone = Debug|iPhone
		Debug|iPhoneSimulator = Debug|iPhoneSimulator
		Debug|x64 = Debug|x64
		Debug|x86 = Debug|x86
		Release|Any CPU = Release|Any CPU
		Release|ARM = Release|ARM
		Release|iPhone = Release|iPhone
		Release|iPhoneSimulator = Release|iPhoneSimulator
		Release|x64 = Release|x64
		Release|x86 = Release|x86
	EndGlobalSection
	GlobalSection(ProjectConfigurationPlatforms) = postSolution
		{F3C1206E-AC96-41FF-82DC-9433E6B4803D}.Debug|Any CPU.ActiveCfg = Debug|x86
		{F3C1206E-AC96-41FF-82DC-9433E6B4803D}.Debug|Any CPU.Build.0 = Debug|x86
		{F3C1206E-AC96-41FF-82DC-9433E6B4803D}.Debug|Any CPU.Deploy.0 = Debug|x86
		{F3C1206E-AC96-41FF-82DC-9433E6B4803D}.Debug|ARM.ActiveCfg = Debug|ARM
		{F3C1206E-AC96-41FF-82DC-9433E6B4803D}.Debug|ARM.Build.0 = Debug|ARM
		{F3C1206E-AC96-41FF-82DC-9433E6B4803D}.Debug|ARM.Deploy.0 = Debug|ARM
		{F3C1206E-AC96-41FF-82DC-9433E6B4803D}.Debug|iPhone.ActiveCfg = Debug|x86
		{F3C1206E-AC96-41FF-82DC-9433E6B4803D}.Debug|iPhone.Build.0 = Debug|x86
		{F3C1206E-AC96-41FF-82DC-9433E6B4803D}.Debug|iPhone.Deploy.0 = Debug|x86
		{F3C1206E-AC96-41FF-82DC-9433E6B4803D}.Debug|iPhoneSimulator.ActiveCfg = Debug|x86
		{F3C1206E-AC96-41FF-82DC-9433E6B4803D}.Debug|iPhoneSimulator.Build.0 = Debug|x86
		{F3C1206E-AC96-41FF-82DC-9433E6B4803D}.Debug|iPhoneSimulator.Deploy.0 = Debug|x86
		{F3C1206E-AC96-41FF-82DC-9433E6B4803D}.Debug|x64.ActiveCfg = Debug|x64
		{F3C1206E-AC96-41FF-82DC-9433E6B4803D}.Debug|x64.Build.0 = Debug|x64
		{F3C1206E-AC96-41FF-82DC-9433E6B4803D}.Debug|x64.Deploy.0 = Debug|x64
		{F3C1206E-AC96-41FF-82DC-9433E6B4803D}.Debug|x86.ActiveCfg = Debug|x86
		{F3C1206E-AC96-41FF-82DC-9433E6B4803D}.Debug|x86.Build.0 = Debug|x86
		{F3C1206E-AC96-41FF-82DC-9433E6B4803D}.Debug|x86.Deploy.0 = Debug|x86
		{F3C1206E-AC96-41FF-82DC-9433E6B4803D}.Release|Any CPU.ActiveCfg = Release|x86
		{F3C1206E-AC96-41FF-82DC-9433E6B4803D}.Release|Any CPU.Build.0 = Release|x86
		{F3C1206E-AC96-41FF-82DC-9433E6B4803D}.Release|Any CPU.Deploy.0 = Release|x86
		{F3C1206E-AC96-41FF-82DC-9433E6B4803D}.Release|ARM.ActiveCfg = Release|ARM
		{F3C1206E-AC96-41FF-82DC-9433E6B4803D}.Release|ARM.Build.0 = Release|ARM
		{F3C1206E-AC96-41FF-82DC-9433E6B4803D}.Release|ARM.Deploy.0 = Release|ARM
		{F3C1206E-AC96-41FF-82DC-9433E6B4803D}.Release|iPhone.ActiveCfg = Release|x86
		{F3C1206E-AC96-41FF-82DC-9433E6B4803D}.Release|iPhone.Build.0 = Release|x86
		{F3C1206E-AC96-41FF-82DC-9433E6B4803D}.Release|iPhone.Deploy.0 = Release|x86
		{F3C1206E-AC96-41FF-82DC-9433E6B4803D}.Release|iPhoneSimulator.ActiveCfg = Release|x86
		{F3C1206E-AC96-41FF-82DC-9433E6B4803D}.Release|iPhoneSimulator.Build.0 = Release|x86
		{F3C1206E-AC96-41FF-82DC-9433E6B4803D}.Release|iPhoneSimulator.Deploy.0 = Release|x86
		{F3C1206E-AC96-41FF-82DC-9433E6B4803D}.Release|x64.ActiveCfg = Release|x64
		{F3C1206E-AC96-41FF-82DC-9433E6B4803D}.Release|x64.Build.0 = Release|x64
		{F3C1206E-AC96-41FF-82DC-9433E6B4803D}.Release|x64.Deploy.0 = Release|x64
		{F3C1206E-AC96-41FF-82DC-9433E6B4803D}.Release|x86.ActiveCfg = Release|x86
		{F3C1206E-AC96-41FF-82DC-9433E6B4803D}.Release|x86.Build.0 = Release|x86
		{F3C1206E-AC96-41FF-82DC-9433E6B4803D}.Release|x86.Deploy.0 = Release|x86
		{E9673AB0-BEEE-40B4-9B8E-22B6E74B713A}.Debug|Any CPU.ActiveCfg = Debug|Any CPU
		{E9673AB0-BEEE-40B4-9B8E-22B6E74B713A}.Debug|Any CPU.Build.0 = Debug|Any CPU
		{E9673AB0-BEEE-40B4-9B8E-22B6E74B713A}.Debug|Any CPU.Deploy.0 = Debug|Any CPU
		{E9673AB0-BEEE-40B4-9B8E-22B6E74B713A}.Debug|ARM.ActiveCfg = Debug|Any CPU
		{E9673AB0-BEEE-40B4-9B8E-22B6E74B713A}.Debug|ARM.Build.0 = Debug|Any CPU
		{E9673AB0-BEEE-40B4-9B8E-22B6E74B713A}.Debug|ARM.Deploy.0 = Debug|Any CPU
		{E9673AB0-BEEE-40B4-9B8E-22B6E74B713A}.Debug|iPhone.ActiveCfg = Debug|Any CPU
		{E9673AB0-BEEE-40B4-9B8E-22B6E74B713A}.Debug|iPhone.Build.0 = Debug|Any CPU
		{E9673AB0-BEEE-40B4-9B8E-22B6E74B713A}.Debug|iPhone.Deploy.0 = Debug|Any CPU
		{E9673AB0-BEEE-40B4-9B8E-22B6E74B713A}.Debug|iPhoneSimulator.ActiveCfg = Debug|Any CPU
		{E9673AB0-BEEE-40B4-9B8E-22B6E74B713A}.Debug|iPhoneSimulator.Build.0 = Debug|Any CPU
		{E9673AB0-BEEE-40B4-9B8E-22B6E74B713A}.Debug|iPhoneSimulator.Deploy.0 = Debug|Any CPU
		{E9673AB0-BEEE-40B4-9B8E-22B6E74B713A}.Debug|x64.ActiveCfg = Debug|Any CPU
		{E9673AB0-BEEE-40B4-9B8E-22B6E74B713A}.Debug|x64.Build.0 = Debug|Any CPU
		{E9673AB0-BEEE-40B4-9B8E-22B6E74B713A}.Debug|x64.Deploy.0 = Debug|Any CPU
		{E9673AB0-BEEE-40B4-9B8E-22B6E74B713A}.Debug|x86.ActiveCfg = Debug|Any CPU
		{E9673AB0-BEEE-40B4-9B8E-22B6E74B713A}.Debug|x86.Build.0 = Debug|Any CPU
		{E9673AB0-BEEE-40B4-9B8E-22B6E74B713A}.Debug|x86.Deploy.0 = Debug|Any CPU
		{E9673AB0-BEEE-40B4-9B8E-22B6E74B713A}.Release|Any CPU.ActiveCfg = Release|Any CPU
		{E9673AB0-BEEE-40B4-9B8E-22B6E74B713A}.Release|Any CPU.Build.0 = Release|Any CPU
		{E9673AB0-BEEE-40B4-9B8E-22B6E74B713A}.Release|Any CPU.Deploy.0 = Release|Any CPU
		{E9673AB0-BEEE-40B4-9B8E-22B6E74B713A}.Release|ARM.ActiveCfg = Release|Any CPU
		{E9673AB0-BEEE-40B4-9B8E-22B6E74B713A}.Release|ARM.Build.0 = Release|Any CPU
		{E9673AB0-BEEE-40B4-9B8E-22B6E74B713A}.Release|ARM.Deploy.0 = Release|Any CPU
		{E9673AB0-BEEE-40B4-9B8E-22B6E74B713A}.Release|iPhone.ActiveCfg = Release|Any CPU
		{E9673AB0-BEEE-40B4-9B8E-22B6E74B713A}.Release|iPhone.Build.0 = Release|Any CPU
		{E9673AB0-BEEE-40B4-9B8E-22B6E74B713A}.Release|iPhone.Deploy.0 = Release|Any CPU
		{E9673AB0-BEEE-40B4-9B8E-22B6E74B713A}.Release|iPhoneSimulator.ActiveCfg = Release|Any CPU
		{E9673AB0-BEEE-40B4-9B8E-22B6E74B713A}.Release|iPhoneSimulator.Build.0 = Release|Any CPU
		{E9673AB0-BEEE-40B4-9B8E-22B6E74B713A}.Release|iPhoneSimulator.Deploy.0 = Release|Any CPU
		{E9673AB0-BEEE-40B4-9B8E-22B6E74B713A}.Release|x64.ActiveCfg = Release|Any CPU
		{E9673AB0-BEEE-40B4-9B8E-22B6E74B713A}.Release|x64.Build.0 = Release|Any CPU
		{E9673AB0-BEEE-40B4-9B8E-22B6E74B713A}.Release|x64.Deploy.0 = Release|Any CPU
		{E9673AB0-BEEE-40B4-9B8E-22B6E74B713A}.Release|x86.ActiveCfg = Release|Any CPU
		{E9673AB0-BEEE-40B4-9B8E-22B6E74B713A}.Release|x86.Build.0 = Release|Any CPU
		{E9673AB0-BEEE-40B4-9B8E-22B6E74B713A}.Release|x86.Deploy.0 = Release|Any CPU
		{90400C10-53E8-4F13-A4A7-44F7F6E84E94}.Debug|Any CPU.ActiveCfg = Debug|iPhone
		{90400C10-53E8-4F13-A4A7-44F7F6E84E94}.Debug|Any CPU.Build.0 = Debug|iPhone
		{90400C10-53E8-4F13-A4A7-44F7F6E84E94}.Debug|Any CPU.Deploy.0 = Debug|iPhone
		{90400C10-53E8-4F13-A4A7-44F7F6E84E94}.Debug|ARM.ActiveCfg = Debug|iPhoneSimulator
		{90400C10-53E8-4F13-A4A7-44F7F6E84E94}.Debug|ARM.Build.0 = Debug|iPhoneSimulator
		{90400C10-53E8-4F13-A4A7-44F7F6E84E94}.Debug|ARM.Deploy.0 = Debug|iPhoneSimulator
		{90400C10-53E8-4F13-A4A7-44F7F6E84E94}.Debug|iPhone.ActiveCfg = Debug|iPhone
		{90400C10-53E8-4F13-A4A7-44F7F6E84E94}.Debug|iPhone.Build.0 = Debug|iPhone
		{90400C10-53E8-4F13-A4A7-44F7F6E84E94}.Debug|iPhone.Deploy.0 = Debug|iPhone
		{90400C10-53E8-4F13-A4A7-44F7F6E84E94}.Debug|iPhoneSimulator.ActiveCfg = Debug|iPhoneSimulator
		{90400C10-53E8-4F13-A4A7-44F7F6E84E94}.Debug|iPhoneSimulator.Build.0 = Debug|iPhoneSimulator
		{90400C10-53E8-4F13-A4A7-44F7F6E84E94}.Debug|iPhoneSimulator.Deploy.0 = Debug|iPhoneSimulator
		{90400C10-53E8-4F13-A4A7-44F7F6E84E94}.Debug|x64.ActiveCfg = Debug|iPhone
		{90400C10-53E8-4F13-A4A7-44F7F6E84E94}.Debug|x64.Build.0 = Debug|iPhone
		{90400C10-53E8-4F13-A4A7-44F7F6E84E94}.Debug|x64.Deploy.0 = Debug|iPhone
		{90400C10-53E8-4F13-A4A7-44F7F6E84E94}.Debug|x86.ActiveCfg = Debug|iPhone
		{90400C10-53E8-4F13-A4A7-44F7F6E84E94}.Debug|x86.Build.0 = Debug|iPhone
		{90400C10-53E8-4F13-A4A7-44F7F6E84E94}.Debug|x86.Deploy.0 = Debug|iPhone
		{90400C10-53E8-4F13-A4A7-44F7F6E84E94}.Release|Any CPU.ActiveCfg = Release|iPhone
		{90400C10-53E8-4F13-A4A7-44F7F6E84E94}.Release|Any CPU.Build.0 = Release|iPhone
		{90400C10-53E8-4F13-A4A7-44F7F6E84E94}.Release|Any CPU.Deploy.0 = Release|iPhone
		{90400C10-53E8-4F13-A4A7-44F7F6E84E94}.Release|ARM.ActiveCfg = Release|iPhone
		{90400C10-53E8-4F13-A4A7-44F7F6E84E94}.Release|ARM.Build.0 = Release|iPhone
		{90400C10-53E8-4F13-A4A7-44F7F6E84E94}.Release|ARM.Deploy.0 = Release|iPhone
		{90400C10-53E8-4F13-A4A7-44F7F6E84E94}.Release|iPhone.ActiveCfg = Release|iPhone
		{90400C10-53E8-4F13-A4A7-44F7F6E84E94}.Release|iPhone.Build.0 = Release|iPhone
		{90400C10-53E8-4F13-A4A7-44F7F6E84E94}.Release|iPhone.Deploy.0 = Release|iPhone
		{90400C10-53E8-4F13-A4A7-44F7F6E84E94}.Release|iPhoneSimulator.ActiveCfg = Release|iPhoneSimulator
		{90400C10-53E8-4F13-A4A7-44F7F6E84E94}.Release|iPhoneSimulator.Build.0 = Release|iPhoneSimulator
		{90400C10-53E8-4F13-A4A7-44F7F6E84E94}.Release|iPhoneSimulator.Deploy.0 = Release|iPhoneSimulator
		{90400C10-53E8-4F13-A4A7-44F7F6E84E94}.Release|x64.ActiveCfg = Release|iPhone
		{90400C10-53E8-4F13-A4A7-44F7F6E84E94}.Release|x64.Build.0 = Release|iPhone
		{90400C10-53E8-4F13-A4A7-44F7F6E84E94}.Release|x64.Deploy.0 = Release|iPhone
		{90400C10-53E8-4F13-A4A7-44F7F6E84E94}.Release|x86.ActiveCfg = Release|iPhone
		{90400C10-53E8-4F13-A4A7-44F7F6E84E94}.Release|x86.Build.0 = Release|iPhone
		{90400C10-53E8-4F13-A4A7-44F7F6E84E94}.Release|x86.Deploy.0 = Release|iPhone
		{E224C96D-95F1-4378-9942-774057235ABC}.Debug|Any CPU.ActiveCfg = Debug|Any CPU
		{E224C96D-95F1-4378-9942-774057235ABC}.Debug|Any CPU.Build.0 = Debug|Any CPU
		{E224C96D-95F1-4378-9942-774057235ABC}.Debug|Any CPU.Deploy.0 = Debug|Any CPU
		{E224C96D-95F1-4378-9942-774057235ABC}.Debug|ARM.ActiveCfg = Debug|Any CPU
		{E224C96D-95F1-4378-9942-774057235ABC}.Debug|ARM.Build.0 = Debug|Any CPU
		{E224C96D-95F1-4378-9942-774057235ABC}.Debug|ARM.Deploy.0 = Debug|Any CPU
		{E224C96D-95F1-4378-9942-774057235ABC}.Debug|iPhone.ActiveCfg = Debug|Any CPU
		{E224C96D-95F1-4378-9942-774057235ABC}.Debug|iPhone.Build.0 = Debug|Any CPU
		{E224C96D-95F1-4378-9942-774057235ABC}.Debug|iPhone.Deploy.0 = Debug|Any CPU
		{E224C96D-95F1-4378-9942-774057235ABC}.Debug|iPhoneSimulator.ActiveCfg = Debug|Any CPU
		{E224C96D-95F1-4378-9942-774057235ABC}.Debug|iPhoneSimulator.Build.0 = Debug|Any CPU
		{E224C96D-95F1-4378-9942-774057235ABC}.Debug|iPhoneSimulator.Deploy.0 = Debug|Any CPU
		{E224C96D-95F1-4378-9942-774057235ABC}.Debug|x64.ActiveCfg = Debug|Any CPU
		{E224C96D-95F1-4378-9942-774057235ABC}.Debug|x64.Build.0 = Debug|Any CPU
		{E224C96D-95F1-4378-9942-774057235ABC}.Debug|x64.Deploy.0 = Debug|Any CPU
		{E224C96D-95F1-4378-9942-774057235ABC}.Debug|x86.ActiveCfg = Debug|Any CPU
		{E224C96D-95F1-4378-9942-774057235ABC}.Debug|x86.Build.0 = Debug|Any CPU
		{E224C96D-95F1-4378-9942-774057235ABC}.Debug|x86.Deploy.0 = Debug|Any CPU
		{E224C96D-95F1-4378-9942-774057235ABC}.Release|Any CPU.ActiveCfg = Release|Any CPU
		{E224C96D-95F1-4378-9942-774057235ABC}.Release|Any CPU.Build.0 = Release|Any CPU
		{E224C96D-95F1-4378-9942-774057235ABC}.Release|Any CPU.Deploy.0 = Release|Any CPU
		{E224C96D-95F1-4378-9942-774057235ABC}.Release|ARM.ActiveCfg = Release|Any CPU
		{E224C96D-95F1-4378-9942-774057235ABC}.Release|ARM.Build.0 = Release|Any CPU
		{E224C96D-95F1-4378-9942-774057235ABC}.Release|ARM.Deploy.0 = Release|Any CPU
		{E224C96D-95F1-4378-9942-774057235ABC}.Release|iPhone.ActiveCfg = Release|Any CPU
		{E224C96D-95F1-4378-9942-774057235ABC}.Release|iPhone.Build.0 = Release|Any CPU
		{E224C96D-95F1-4378-9942-774057235ABC}.Release|iPhone.Deploy.0 = Release|Any CPU
		{E224C96D-95F1-4378-9942-774057235ABC}.Release|iPhoneSimulator.ActiveCfg = Release|Any CPU
		{E224C96D-95F1-4378-9942-774057235ABC}.Release|iPhoneSimulator.Build.0 = Release|Any CPU
		{E224C96D-95F1-4378-9942-774057235ABC}.Release|iPhoneSimulator.Deploy.0 = Release|Any CPU
		{E224C96D-95F1-4378-9942-774057235ABC}.Release|x64.ActiveCfg = Release|Any CPU
		{E224C96D-95F1-4378-9942-774057235ABC}.Release|x64.Build.0 = Release|Any CPU
		{E224C96D-95F1-4378-9942-774057235ABC}.Release|x64.Deploy.0 = Release|Any CPU
		{E224C96D-95F1-4378-9942-774057235ABC}.Release|x86.ActiveCfg = Release|Any CPU
		{E224C96D-95F1-4378-9942-774057235ABC}.Release|x86.Build.0 = Release|Any CPU
		{E224C96D-95F1-4378-9942-774057235ABC}.Release|x86.Deploy.0 = Release|Any CPU
	EndGlobalSection
	GlobalSection(SolutionProperties) = preSolution
		HideSolutionNode = FALSE
	EndGlobalSection
	GlobalSection(ExtensibilityGlobals) = postSolution
		SolutionGuid = {4288BDE1-29A2-4F1A-A749-18732C5857BD}
	EndGlobalSection
EndGlobal
