
Microsoft Visual Studio Solution File, Format Version 12.00
# Visual Studio Version 16
VisualStudioVersion = 16.0.29519.181
MinimumVisualStudioVersion = 10.0.40219.1
Project("{FAE04EC0-301F-11D3-BF4B-00C04F79EFBC}") = "DBSetup.UWP", "DBSetup\DBSetup.UWP\DBSetup.UWP.csproj", "{E84B4DDA-5588-4BA0-90A5-FAA485A02692}"
EndProject
Project("{FAE04EC0-301F-11D3-BF4B-00C04F79EFBC}") = "DBSetup.Android", "DBSetup\DBSetup.Android\DBSetup.Android.csproj", "{F2012513-D086-44EA-A28C-8B0A8AFC9CE5}"
EndProject
Project("{FAE04EC0-301F-11D3-BF4B-00C04F79EFBC}") = "DBSetup.iOS", "DBSetup\DBSetup.iOS\DBSetup.iOS.csproj", "{3E2C8EF9-8BE9-4802-B670-09548B47DCB3}"
EndProject
Project("{9A19103F-16F7-4668-BE54-9A1E7A4F7556}") = "DBSetup", "DBSetup\DBSetup\DBSetup.csproj", "{75F36844-1447-40B6-8E6C-6DDF3EE486ED}"
EndProject
Global
	GlobalSection(SolutionConfigurationPlatforms) = preSolution
		Debug|Any CPU = Debug|Any CPU
		Debug|ARM = Debug|ARM
		Debug|ARM64 = Debug|ARM64
		Debug|iPhone = Debug|iPhone
		Debug|iPhoneSimulator = Debug|iPhoneSimulator
		Debug|x64 = Debug|x64
		Debug|x86 = Debug|x86
		Release|Any CPU = Release|Any CPU
		Release|ARM = Release|ARM
		Release|ARM64 = Release|ARM64
		Release|iPhone = Release|iPhone
		Release|iPhoneSimulator = Release|iPhoneSimulator
		Release|x64 = Release|x64
		Release|x86 = Release|x86
	EndGlobalSection
	GlobalSection(ProjectConfigurationPlatforms) = postSolution
		{E84B4DDA-5588-4BA0-90A5-FAA485A02692}.Debug|Any CPU.ActiveCfg = Debug|x86
		{E84B4DDA-5588-4BA0-90A5-FAA485A02692}.Debug|Any CPU.Build.0 = Debug|x86
		{E84B4DDA-5588-4BA0-90A5-FAA485A02692}.Debug|Any CPU.Deploy.0 = Debug|x86
		{E84B4DDA-5588-4BA0-90A5-FAA485A02692}.Debug|ARM.ActiveCfg = Debug|ARM
		{E84B4DDA-5588-4BA0-90A5-FAA485A02692}.Debug|ARM.Build.0 = Debug|ARM
		{E84B4DDA-5588-4BA0-90A5-FAA485A02692}.Debug|ARM.Deploy.0 = Debug|ARM
		{E84B4DDA-5588-4BA0-90A5-FAA485A02692}.Debug|ARM64.ActiveCfg = Debug|x86
		{E84B4DDA-5588-4BA0-90A5-FAA485A02692}.Debug|iPhone.ActiveCfg = Debug|x86
		{E84B4DDA-5588-4BA0-90A5-FAA485A02692}.Debug|iPhone.Build.0 = Debug|x86
		{E84B4DDA-5588-4BA0-90A5-FAA485A02692}.Debug|iPhone.Deploy.0 = Debug|x86
		{E84B4DDA-5588-4BA0-90A5-FAA485A02692}.Debug|iPhoneSimulator.ActiveCfg = Debug|x86
		{E84B4DDA-5588-4BA0-90A5-FAA485A02692}.Debug|iPhoneSimulator.Build.0 = Debug|x86
		{E84B4DDA-5588-4BA0-90A5-FAA485A02692}.Debug|iPhoneSimulator.Deploy.0 = Debug|x86
		{E84B4DDA-5588-4BA0-90A5-FAA485A02692}.Debug|x64.ActiveCfg = Debug|x64
		{E84B4DDA-5588-4BA0-90A5-FAA485A02692}.Debug|x64.Build.0 = Debug|x64
		{E84B4DDA-5588-4BA0-90A5-FAA485A02692}.Debug|x64.Deploy.0 = Debug|x64
		{E84B4DDA-5588-4BA0-90A5-FAA485A02692}.Debug|x86.ActiveCfg = Debug|x86
		{E84B4DDA-5588-4BA0-90A5-FAA485A02692}.Debug|x86.Build.0 = Debug|x86
		{E84B4DDA-5588-4BA0-90A5-FAA485A02692}.Debug|x86.Deploy.0 = Debug|x86
		{E84B4DDA-5588-4BA0-90A5-FAA485A02692}.Release|Any CPU.ActiveCfg = Release|x86
		{E84B4DDA-5588-4BA0-90A5-FAA485A02692}.Release|Any CPU.Build.0 = Release|x86
		{E84B4DDA-5588-4BA0-90A5-FAA485A02692}.Release|Any CPU.Deploy.0 = Release|x86
		{E84B4DDA-5588-4BA0-90A5-FAA485A02692}.Release|ARM.ActiveCfg = Release|ARM
		{E84B4DDA-5588-4BA0-90A5-FAA485A02692}.Release|ARM.Build.0 = Release|ARM
		{E84B4DDA-5588-4BA0-90A5-FAA485A02692}.Release|ARM.Deploy.0 = Release|ARM
		{E84B4DDA-5588-4BA0-90A5-FAA485A02692}.Release|ARM64.ActiveCfg = Release|x86
		{E84B4DDA-5588-4BA0-90A5-FAA485A02692}.Release|iPhone.ActiveCfg = Release|x86
		{E84B4DDA-5588-4BA0-90A5-FAA485A02692}.Release|iPhone.Build.0 = Release|x86
		{E84B4DDA-5588-4BA0-90A5-FAA485A02692}.Release|iPhone.Deploy.0 = Release|x86
		{E84B4DDA-5588-4BA0-90A5-FAA485A02692}.Release|iPhoneSimulator.ActiveCfg = Release|x86
		{E84B4DDA-5588-4BA0-90A5-FAA485A02692}.Release|iPhoneSimulator.Build.0 = Release|x86
		{E84B4DDA-5588-4BA0-90A5-FAA485A02692}.Release|iPhoneSimulator.Deploy.0 = Release|x86
		{E84B4DDA-5588-4BA0-90A5-FAA485A02692}.Release|x64.ActiveCfg = Release|x64
		{E84B4DDA-5588-4BA0-90A5-FAA485A02692}.Release|x64.Build.0 = Release|x64
		{E84B4DDA-5588-4BA0-90A5-FAA485A02692}.Release|x64.Deploy.0 = Release|x64
		{E84B4DDA-5588-4BA0-90A5-FAA485A02692}.Release|x86.ActiveCfg = Release|x86
		{E84B4DDA-5588-4BA0-90A5-FAA485A02692}.Release|x86.Build.0 = Release|x86
		{E84B4DDA-5588-4BA0-90A5-FAA485A02692}.Release|x86.Deploy.0 = Release|x86
		{F2012513-D086-44EA-A28C-8B0A8AFC9CE5}.Debug|Any CPU.ActiveCfg = Debug|Any CPU
		{F2012513-D086-44EA-A28C-8B0A8AFC9CE5}.Debug|Any CPU.Build.0 = Debug|Any CPU
		{F2012513-D086-44EA-A28C-8B0A8AFC9CE5}.Debug|Any CPU.Deploy.0 = Debug|Any CPU
		{F2012513-D086-44EA-A28C-8B0A8AFC9CE5}.Debug|ARM.ActiveCfg = Debug|Any CPU
		{F2012513-D086-44EA-A28C-8B0A8AFC9CE5}.Debug|ARM.Build.0 = Debug|Any CPU
		{F2012513-D086-44EA-A28C-8B0A8AFC9CE5}.Debug|ARM.Deploy.0 = Debug|Any CPU
		{F2012513-D086-44EA-A28C-8B0A8AFC9CE5}.Debug|ARM64.ActiveCfg = Debug|Any CPU
		{F2012513-D086-44EA-A28C-8B0A8AFC9CE5}.Debug|ARM64.Build.0 = Debug|Any CPU
		{F2012513-D086-44EA-A28C-8B0A8AFC9CE5}.Debug|ARM64.Deploy.0 = Debug|Any CPU
		{F2012513-D086-44EA-A28C-8B0A8AFC9CE5}.Debug|iPhone.ActiveCfg = Debug|Any CPU
		{F2012513-D086-44EA-A28C-8B0A8AFC9CE5}.Debug|iPhone.Build.0 = Debug|Any CPU
		{F2012513-D086-44EA-A28C-8B0A8AFC9CE5}.Debug|iPhone.Deploy.0 = Debug|Any CPU
		{F2012513-D086-44EA-A28C-8B0A8AFC9CE5}.Debug|iPhoneSimulator.ActiveCfg = Debug|Any CPU
		{F2012513-D086-44EA-A28C-8B0A8AFC9CE5}.Debug|iPhoneSimulator.Build.0 = Debug|Any CPU
		{F2012513-D086-44EA-A28C-8B0A8AFC9CE5}.Debug|iPhoneSimulator.Deploy.0 = Debug|Any CPU
		{F2012513-D086-44EA-A28C-8B0A8AFC9CE5}.Debug|x64.ActiveCfg = Debug|Any CPU
		{F2012513-D086-44EA-A28C-8B0A8AFC9CE5}.Debug|x64.Build.0 = Debug|Any CPU
		{F2012513-D086-44EA-A28C-8B0A8AFC9CE5}.Debug|x64.Deploy.0 = Debug|Any CPU
		{F2012513-D086-44EA-A28C-8B0A8AFC9CE5}.Debug|x86.ActiveCfg = Debug|Any CPU
		{F2012513-D086-44EA-A28C-8B0A8AFC9CE5}.Debug|x86.Build.0 = Debug|Any CPU
		{F2012513-D086-44EA-A28C-8B0A8AFC9CE5}.Debug|x86.Deploy.0 = Debug|Any CPU
		{F2012513-D086-44EA-A28C-8B0A8AFC9CE5}.Release|Any CPU.ActiveCfg = Release|Any CPU
		{F2012513-D086-44EA-A28C-8B0A8AFC9CE5}.Release|Any CPU.Build.0 = Release|Any CPU
		{F2012513-D086-44EA-A28C-8B0A8AFC9CE5}.Release|Any CPU.Deploy.0 = Release|Any CPU
		{F2012513-D086-44EA-A28C-8B0A8AFC9CE5}.Release|ARM.ActiveCfg = Release|Any CPU
		{F2012513-D086-44EA-A28C-8B0A8AFC9CE5}.Release|ARM.Build.0 = Release|Any CPU
		{F2012513-D086-44EA-A28C-8B0A8AFC9CE5}.Release|ARM.Deploy.0 = Release|Any CPU
		{F2012513-D086-44EA-A28C-8B0A8AFC9CE5}.Release|ARM64.ActiveCfg = Release|Any CPU
		{F2012513-D086-44EA-A28C-8B0A8AFC9CE5}.Release|ARM64.Build.0 = Release|Any CPU
		{F2012513-D086-44EA-A28C-8B0A8AFC9CE5}.Release|ARM64.Deploy.0 = Release|Any CPU
		{F2012513-D086-44EA-A28C-8B0A8AFC9CE5}.Release|iPhone.ActiveCfg = Release|Any CPU
		{F2012513-D086-44EA-A28C-8B0A8AFC9CE5}.Release|iPhone.Build.0 = Release|Any CPU
		{F2012513-D086-44EA-A28C-8B0A8AFC9CE5}.Release|iPhone.Deploy.0 = Release|Any CPU
		{F2012513-D086-44EA-A28C-8B0A8AFC9CE5}.Release|iPhoneSimulator.ActiveCfg = Release|Any CPU
		{F2012513-D086-44EA-A28C-8B0A8AFC9CE5}.Release|iPhoneSimulator.Build.0 = Release|Any CPU
		{F2012513-D086-44EA-A28C-8B0A8AFC9CE5}.Release|iPhoneSimulator.Deploy.0 = Release|Any CPU
		{F2012513-D086-44EA-A28C-8B0A8AFC9CE5}.Release|x64.ActiveCfg = Release|Any CPU
		{F2012513-D086-44EA-A28C-8B0A8AFC9CE5}.Release|x64.Build.0 = Release|Any CPU
		{F2012513-D086-44EA-A28C-8B0A8AFC9CE5}.Release|x64.Deploy.0 = Release|Any CPU
		{F2012513-D086-44EA-A28C-8B0A8AFC9CE5}.Release|x86.ActiveCfg = Release|Any CPU
		{F2012513-D086-44EA-A28C-8B0A8AFC9CE5}.Release|x86.Build.0 = Release|Any CPU
		{F2012513-D086-44EA-A28C-8B0A8AFC9CE5}.Release|x86.Deploy.0 = Release|Any CPU
		{3E2C8EF9-8BE9-4802-B670-09548B47DCB3}.Debug|Any CPU.ActiveCfg = Debug|iPhone
		{3E2C8EF9-8BE9-4802-B670-09548B47DCB3}.Debug|Any CPU.Build.0 = Debug|iPhone
		{3E2C8EF9-8BE9-4802-B670-09548B47DCB3}.Debug|Any CPU.Deploy.0 = Debug|iPhone
		{3E2C8EF9-8BE9-4802-B670-09548B47DCB3}.Debug|ARM.ActiveCfg = Debug|iPhoneSimulator
		{3E2C8EF9-8BE9-4802-B670-09548B47DCB3}.Debug|ARM.Build.0 = Debug|iPhoneSimulator
		{3E2C8EF9-8BE9-4802-B670-09548B47DCB3}.Debug|ARM.Deploy.0 = Debug|iPhoneSimulator
		{3E2C8EF9-8BE9-4802-B670-09548B47DCB3}.Debug|ARM64.ActiveCfg = Debug|iPhone
		{3E2C8EF9-8BE9-4802-B670-09548B47DCB3}.Debug|iPhone.ActiveCfg = Debug|iPhone
		{3E2C8EF9-8BE9-4802-B670-09548B47DCB3}.Debug|iPhone.Build.0 = Debug|iPhone
		{3E2C8EF9-8BE9-4802-B670-09548B47DCB3}.Debug|iPhone.Deploy.0 = Debug|iPhone
		{3E2C8EF9-8BE9-4802-B670-09548B47DCB3}.Debug|iPhoneSimulator.ActiveCfg = Debug|iPhoneSimulator
		{3E2C8EF9-8BE9-4802-B670-09548B47DCB3}.Debug|iPhoneSimulator.Build.0 = Debug|iPhoneSimulator
		{3E2C8EF9-8BE9-4802-B670-09548B47DCB3}.Debug|iPhoneSimulator.Deploy.0 = Debug|iPhoneSimulator
		{3E2C8EF9-8BE9-4802-B670-09548B47DCB3}.Debug|x64.ActiveCfg = Debug|iPhone
		{3E2C8EF9-8BE9-4802-B670-09548B47DCB3}.Debug|x64.Build.0 = Debug|iPhone
		{3E2C8EF9-8BE9-4802-B670-09548B47DCB3}.Debug|x64.Deploy.0 = Debug|iPhone
		{3E2C8EF9-8BE9-4802-B670-09548B47DCB3}.Debug|x86.ActiveCfg = Debug|iPhone
		{3E2C8EF9-8BE9-4802-B670-09548B47DCB3}.Debug|x86.Build.0 = Debug|iPhone
		{3E2C8EF9-8BE9-4802-B670-09548B47DCB3}.Debug|x86.Deploy.0 = Debug|iPhone
		{3E2C8EF9-8BE9-4802-B670-09548B47DCB3}.Release|Any CPU.ActiveCfg = Release|iPhone
		{3E2C8EF9-8BE9-4802-B670-09548B47DCB3}.Release|Any CPU.Build.0 = Release|iPhone
		{3E2C8EF9-8BE9-4802-B670-09548B47DCB3}.Release|Any CPU.Deploy.0 = Release|iPhone
		{3E2C8EF9-8BE9-4802-B670-09548B47DCB3}.Release|ARM.ActiveCfg = Release|iPhone
		{3E2C8EF9-8BE9-4802-B670-09548B47DCB3}.Release|ARM.Build.0 = Release|iPhone
		{3E2C8EF9-8BE9-4802-B670-09548B47DCB3}.Release|ARM.Deploy.0 = Release|iPhone
		{3E2C8EF9-8BE9-4802-B670-09548B47DCB3}.Release|ARM64.ActiveCfg = Release|iPhone
		{3E2C8EF9-8BE9-4802-B670-09548B47DCB3}.Release|iPhone.ActiveCfg = Release|iPhone
		{3E2C8EF9-8BE9-4802-B670-09548B47DCB3}.Release|iPhone.Build.0 = Release|iPhone
		{3E2C8EF9-8BE9-4802-B670-09548B47DCB3}.Release|iPhone.Deploy.0 = Release|iPhone
		{3E2C8EF9-8BE9-4802-B670-09548B47DCB3}.Release|iPhoneSimulator.ActiveCfg = Release|iPhoneSimulator
		{3E2C8EF9-8BE9-4802-B670-09548B47DCB3}.Release|iPhoneSimulator.Build.0 = Release|iPhoneSimulator
		{3E2C8EF9-8BE9-4802-B670-09548B47DCB3}.Release|iPhoneSimulator.Deploy.0 = Release|iPhoneSimulator
		{3E2C8EF9-8BE9-4802-B670-09548B47DCB3}.Release|x64.ActiveCfg = Release|iPhone
		{3E2C8EF9-8BE9-4802-B670-09548B47DCB3}.Release|x64.Build.0 = Release|iPhone
		{3E2C8EF9-8BE9-4802-B670-09548B47DCB3}.Release|x64.Deploy.0 = Release|iPhone
		{3E2C8EF9-8BE9-4802-B670-09548B47DCB3}.Release|x86.ActiveCfg = Release|iPhone
		{3E2C8EF9-8BE9-4802-B670-09548B47DCB3}.Release|x86.Build.0 = Release|iPhone
		{3E2C8EF9-8BE9-4802-B670-09548B47DCB3}.Release|x86.Deploy.0 = Release|iPhone
		{75F36844-1447-40B6-8E6C-6DDF3EE486ED}.Debug|Any CPU.ActiveCfg = Debug|Any CPU
		{75F36844-1447-40B6-8E6C-6DDF3EE486ED}.Debug|Any CPU.Build.0 = Debug|Any CPU
		{75F36844-1447-40B6-8E6C-6DDF3EE486ED}.Debug|Any CPU.Deploy.0 = Debug|Any CPU
		{75F36844-1447-40B6-8E6C-6DDF3EE486ED}.Debug|ARM.ActiveCfg = Debug|Any CPU
		{75F36844-1447-40B6-8E6C-6DDF3EE486ED}.Debug|ARM.Build.0 = Debug|Any CPU
		{75F36844-1447-40B6-8E6C-6DDF3EE486ED}.Debug|ARM.Deploy.0 = Debug|Any CPU
		{75F36844-1447-40B6-8E6C-6DDF3EE486ED}.Debug|ARM64.ActiveCfg = Debug|Any CPU
		{75F36844-1447-40B6-8E6C-6DDF3EE486ED}.Debug|ARM64.Build.0 = Debug|Any CPU
		{75F36844-1447-40B6-8E6C-6DDF3EE486ED}.Debug|iPhone.ActiveCfg = Debug|Any CPU
		{75F36844-1447-40B6-8E6C-6DDF3EE486ED}.Debug|iPhone.Build.0 = Debug|Any CPU
		{75F36844-1447-40B6-8E6C-6DDF3EE486ED}.Debug|iPhone.Deploy.0 = Debug|Any CPU
		{75F36844-1447-40B6-8E6C-6DDF3EE486ED}.Debug|iPhoneSimulator.ActiveCfg = Debug|Any CPU
		{75F36844-1447-40B6-8E6C-6DDF3EE486ED}.Debug|iPhoneSimulator.Build.0 = Debug|Any CPU
		{75F36844-1447-40B6-8E6C-6DDF3EE486ED}.Debug|iPhoneSimulator.Deploy.0 = Debug|Any CPU
		{75F36844-1447-40B6-8E6C-6DDF3EE486ED}.Debug|x64.ActiveCfg = Debug|Any CPU
		{75F36844-1447-40B6-8E6C-6DDF3EE486ED}.Debug|x64.Build.0 = Debug|Any CPU
		{75F36844-1447-40B6-8E6C-6DDF3EE486ED}.Debug|x64.Deploy.0 = Debug|Any CPU
		{75F36844-1447-40B6-8E6C-6DDF3EE486ED}.Debug|x86.ActiveCfg = Debug|Any CPU
		{75F36844-1447-40B6-8E6C-6DDF3EE486ED}.Debug|x86.Build.0 = Debug|Any CPU
		{75F36844-1447-40B6-8E6C-6DDF3EE486ED}.Debug|x86.Deploy.0 = Debug|Any CPU
		{75F36844-1447-40B6-8E6C-6DDF3EE486ED}.Release|Any CPU.ActiveCfg = Release|Any CPU
		{75F36844-1447-40B6-8E6C-6DDF3EE486ED}.Release|Any CPU.Build.0 = Release|Any CPU
		{75F36844-1447-40B6-8E6C-6DDF3EE486ED}.Release|Any CPU.Deploy.0 = Release|Any CPU
		{75F36844-1447-40B6-8E6C-6DDF3EE486ED}.Release|ARM.ActiveCfg = Release|Any CPU
		{75F36844-1447-40B6-8E6C-6DDF3EE486ED}.Release|ARM.Build.0 = Release|Any CPU
		{75F36844-1447-40B6-8E6C-6DDF3EE486ED}.Release|ARM.Deploy.0 = Release|Any CPU
		{75F36844-1447-40B6-8E6C-6DDF3EE486ED}.Release|ARM64.ActiveCfg = Release|Any CPU
		{75F36844-1447-40B6-8E6C-6DDF3EE486ED}.Release|ARM64.Build.0 = Release|Any CPU
		{75F36844-1447-40B6-8E6C-6DDF3EE486ED}.Release|iPhone.ActiveCfg = Release|Any CPU
		{75F36844-1447-40B6-8E6C-6DDF3EE486ED}.Release|iPhone.Build.0 = Release|Any CPU
		{75F36844-1447-40B6-8E6C-6DDF3EE486ED}.Release|iPhone.Deploy.0 = Release|Any CPU
		{75F36844-1447-40B6-8E6C-6DDF3EE486ED}.Release|iPhoneSimulator.ActiveCfg = Release|Any CPU
		{75F36844-1447-40B6-8E6C-6DDF3EE486ED}.Release|iPhoneSimulator.Build.0 = Release|Any CPU
		{75F36844-1447-40B6-8E6C-6DDF3EE486ED}.Release|iPhoneSimulator.Deploy.0 = Release|Any CPU
		{75F36844-1447-40B6-8E6C-6DDF3EE486ED}.Release|x64.ActiveCfg = Release|Any CPU
		{75F36844-1447-40B6-8E6C-6DDF3EE486ED}.Release|x64.Build.0 = Release|Any CPU
		{75F36844-1447-40B6-8E6C-6DDF3EE486ED}.Release|x64.Deploy.0 = Release|Any CPU
		{75F36844-1447-40B6-8E6C-6DDF3EE486ED}.Release|x86.ActiveCfg = Release|Any CPU
		{75F36844-1447-40B6-8E6C-6DDF3EE486ED}.Release|x86.Build.0 = Release|Any CPU
		{75F36844-1447-40B6-8E6C-6DDF3EE486ED}.Release|x86.Deploy.0 = Release|Any CPU
	EndGlobalSection
	GlobalSection(SolutionProperties) = preSolution
		HideSolutionNode = FALSE
	EndGlobalSection
	GlobalSection(ExtensibilityGlobals) = postSolution
		SolutionGuid = {57AC512A-9A5C-4428-AF20-86DAE916B871}
	EndGlobalSection
EndGlobal
