
Microsoft Visual Studio Solution File, Format Version 12.00
# Visual Studio Version 16
VisualStudioVersion = 16.0.810.23
MinimumVisualStudioVersion = 10.0.40219.1
Project("{FAE04EC0-301F-11D3-BF4B-00C04F79EFBC}") = "WordMobileApp.Android", "WordMobileApp.Android\WordMobileApp.Android.csproj", "{04826192-72DD-4268-B997-0EEF08349936}"
EndProject
Project("{FAE04EC0-301F-11D3-BF4B-00C04F79EFBC}") = "WordMobileApp.iOS", "WordMobileApp.iOS\WordMobileApp.iOS.csproj", "{1E3EE126-0887-48E0-BC94-D56A8F8A4029}"
EndProject
Project("{FAE04EC0-301F-11D3-BF4B-00C04F79EFBC}") = "WordMobileApp", "WordMobileApp\WordMobileApp.csproj", "{971AE140-BBBD-449F-B9A2-5DF1185247ED}"
EndProject
Global
	GlobalSection(SolutionConfigurationPlatforms) = preSolution
		Debug|Any CPU = Debug|Any CPU
		Release|Any CPU = Release|Any CPU
		Debug|iPhoneSimulator = Debug|iPhoneSimulator
		Release|iPhoneSimulator = Release|iPhoneSimulator
		Debug|iPhone = Debug|iPhone
		Release|iPhone = Release|iPhone
	EndGlobalSection
	GlobalSection(ProjectConfigurationPlatforms) = postSolution
		{04826192-72DD-4268-B997-0EEF08349936}.Debug|Any CPU.ActiveCfg = Debug|Any CPU
		{04826192-72DD-4268-B997-0EEF08349936}.Debug|Any CPU.Build.0 = Debug|Any CPU
		{04826192-72DD-4268-B997-0EEF08349936}.Release|Any CPU.ActiveCfg = Release|Any CPU
		{04826192-72DD-4268-B997-0EEF08349936}.Release|Any CPU.Build.0 = Release|Any CPU
		{04826192-72DD-4268-B997-0EEF08349936}.Debug|iPhoneSimulator.ActiveCfg = Debug|Any CPU
		{04826192-72DD-4268-B997-0EEF08349936}.Debug|iPhoneSimulator.Build.0 = Debug|Any CPU
		{04826192-72DD-4268-B997-0EEF08349936}.Release|iPhoneSimulator.ActiveCfg = Release|Any CPU
		{04826192-72DD-4268-B997-0EEF08349936}.Release|iPhoneSimulator.Build.0 = Release|Any CPU
		{04826192-72DD-4268-B997-0EEF08349936}.Debug|iPhone.ActiveCfg = Debug|Any CPU
		{04826192-72DD-4268-B997-0EEF08349936}.Debug|iPhone.Build.0 = Debug|Any CPU
		{04826192-72DD-4268-B997-0EEF08349936}.Release|iPhone.ActiveCfg = Release|Any CPU
		{04826192-72DD-4268-B997-0EEF08349936}.Release|iPhone.Build.0 = Release|Any CPU
		{1E3EE126-0887-48E0-BC94-D56A8F8A4029}.Debug|Any CPU.ActiveCfg = Debug|iPhoneSimulator
		{1E3EE126-0887-48E0-BC94-D56A8F8A4029}.Debug|Any CPU.Build.0 = Debug|iPhoneSimulator
		{1E3EE126-0887-48E0-BC94-D56A8F8A4029}.Release|Any CPU.ActiveCfg = Release|iPhoneSimulator
		{1E3EE126-0887-48E0-BC94-D56A8F8A4029}.Release|Any CPU.Build.0 = Release|iPhoneSimulator
		{1E3EE126-0887-48E0-BC94-D56A8F8A4029}.Debug|iPhoneSimulator.ActiveCfg = Debug|iPhoneSimulator
		{1E3EE126-0887-48E0-BC94-D56A8F8A4029}.Debug|iPhoneSimulator.Build.0 = Debug|iPhoneSimulator
		{1E3EE126-0887-48E0-BC94-D56A8F8A4029}.Release|iPhoneSimulator.ActiveCfg = Release|iPhoneSimulator
		{1E3EE126-0887-48E0-BC94-D56A8F8A4029}.Release|iPhoneSimulator.Build.0 = Release|iPhoneSimulator
		{1E3EE126-0887-48E0-BC94-D56A8F8A4029}.Debug|iPhone.ActiveCfg = Debug|iPhone
		{1E3EE126-0887-48E0-BC94-D56A8F8A4029}.Debug|iPhone.Build.0 = Debug|iPhone
		{1E3EE126-0887-48E0-BC94-D56A8F8A4029}.Release|iPhone.ActiveCfg = Release|iPhone
		{1E3EE126-0887-48E0-BC94-D56A8F8A4029}.Release|iPhone.Build.0 = Release|iPhone
		{971AE140-BBBD-449F-B9A2-5DF1185247ED}.Debug|Any CPU.ActiveCfg = Debug|Any CPU
		{971AE140-BBBD-449F-B9A2-5DF1185247ED}.Debug|Any CPU.Build.0 = Debug|Any CPU
		{971AE140-BBBD-449F-B9A2-5DF1185247ED}.Release|Any CPU.ActiveCfg = Release|Any CPU
		{971AE140-BBBD-449F-B9A2-5DF1185247ED}.Release|Any CPU.Build.0 = Release|Any CPU
		{971AE140-BBBD-449F-B9A2-5DF1185247ED}.Debug|iPhoneSimulator.ActiveCfg = Debug|Any CPU
		{971AE140-BBBD-449F-B9A2-5DF1185247ED}.Debug|iPhoneSimulator.Build.0 = Debug|Any CPU
		{971AE140-BBBD-449F-B9A2-5DF1185247ED}.Release|iPhoneSimulator.ActiveCfg = Release|Any CPU
		{971AE140-BBBD-449F-B9A2-5DF1185247ED}.Release|iPhoneSimulator.Build.0 = Release|Any CPU
		{971AE140-BBBD-449F-B9A2-5DF1185247ED}.Debug|iPhone.ActiveCfg = Debug|Any CPU
		{971AE140-BBBD-449F-B9A2-5DF1185247ED}.Debug|iPhone.Build.0 = Debug|Any CPU
		{971AE140-BBBD-449F-B9A2-5DF1185247ED}.Release|iPhone.ActiveCfg = Release|Any CPU
		{971AE140-BBBD-449F-B9A2-5DF1185247ED}.Release|iPhone.Build.0 = Release|Any CPU
	EndGlobalSection
	GlobalSection(SolutionProperties) = preSolution
		HideSolutionNode = FALSE
	EndGlobalSection
	GlobalSection(ExtensibilityGlobals) = postSolution
		SolutionGuid = {4DBDFA17-05B1-4E1C-87EA-3472AA68AAED}
	EndGlobalSection
EndGlobal
