
Microsoft Visual Studio Solution File, Format Version 12.00
# Visual Studio Version 16
VisualStudioVersion = 16.0.810.23
MinimumVisualStudioVersion = 10.0.40219.1
Project("{FAE04EC0-301F-11D3-BF4B-00C04F79EFBC}") = "Playground", "Playground\Playground.csproj", "{ABAC7ACF-35CC-4EE6-A04C-06BF6669738A}"
EndProject
Project("{FAE04EC0-301F-11D3-BF4B-00C04F79EFBC}") = "Tester", "Tester\Tester.csproj", "{CEFE1DBF-923E-4441-87E9-DCD7AAFA244E}"
EndProject
Global
	GlobalSection(SolutionConfigurationPlatforms) = preSolution
		Debug|Any CPU = Debug|Any CPU
		Release|Any CPU = Release|Any CPU
	EndGlobalSection
	GlobalSection(ProjectConfigurationPlatforms) = postSolution
		{ABAC7ACF-35CC-4EE6-A04C-06BF6669738A}.Debug|Any CPU.ActiveCfg = Debug|Any CPU
		{ABAC7ACF-35CC-4EE6-A04C-06BF6669738A}.Debug|Any CPU.Build.0 = Debug|Any CPU
		{ABAC7ACF-35CC-4EE6-A04C-06BF6669738A}.Release|Any CPU.ActiveCfg = Release|Any CPU
		{ABAC7ACF-35CC-4EE6-A04C-06BF6669738A}.Release|Any CPU.Build.0 = Release|Any CPU
		{CEFE1DBF-923E-4441-87E9-DCD7AAFA244E}.Debug|Any CPU.ActiveCfg = Debug|Any CPU
		{CEFE1DBF-923E-4441-87E9-DCD7AAFA244E}.Debug|Any CPU.Build.0 = Debug|Any CPU
		{CEFE1DBF-923E-4441-87E9-DCD7AAFA244E}.Release|Any CPU.ActiveCfg = Release|Any CPU
		{CEFE1DBF-923E-4441-87E9-DCD7AAFA244E}.Release|Any CPU.Build.0 = Release|Any CPU
	EndGlobalSection
	GlobalSection(SolutionProperties) = preSolution
		HideSolutionNode = FALSE
	EndGlobalSection
	GlobalSection(ExtensibilityGlobals) = postSolution
		SolutionGuid = {7C8E85A2-A032-4B75-A792-B6BD8C4AC663}
	EndGlobalSection
EndGlobal
