
Microsoft Visual Studio Solution File, Format Version 12.00
# Visual Studio Version 16
VisualStudioVersion = 16.0.810.23
MinimumVisualStudioVersion = 10.0.40219.1
Project("{FAE04EC0-301F-11D3-BF4B-00C04F79EFBC}") = "GridXAML.Android", "GridXAML.Android\GridXAML.Android.csproj", "{F16D6AEB-C8DD-4254-9058-A8719072D74A}"
EndProject
Project("{FAE04EC0-301F-11D3-BF4B-00C04F79EFBC}") = "GridXAML.iOS", "GridXAML.iOS\GridXAML.iOS.csproj", "{4D9F7E3A-F94F-4668-B5E7-070263A3BCDE}"
EndProject
Project("{FAE04EC0-301F-11D3-BF4B-00C04F79EFBC}") = "GridXAML", "GridXAML\GridXAML.csproj", "{CBCF6638-30D5-4508-9D00-1D2BAA9585C5}"
EndProject
Global
	GlobalSection(SolutionConfigurationPlatforms) = preSolution
		Debug|Any CPU = Debug|Any CPU
		Release|Any CPU = Release|Any CPU
		Debug|iPhoneSimulator = Debug|iPhoneSimulator
		Release|iPhoneSimulator = Release|iPhoneSimulator
		Debug|iPhone = Debug|iPhone
		Release|iPhone = Release|iPhone
	EndGlobalSection
	GlobalSection(ProjectConfigurationPlatforms) = postSolution
		{F16D6AEB-C8DD-4254-9058-A8719072D74A}.Debug|Any CPU.ActiveCfg = Debug|Any CPU
		{F16D6AEB-C8DD-4254-9058-A8719072D74A}.Debug|Any CPU.Build.0 = Debug|Any CPU
		{F16D6AEB-C8DD-4254-9058-A8719072D74A}.Release|Any CPU.ActiveCfg = Release|Any CPU
		{F16D6AEB-C8DD-4254-9058-A8719072D74A}.Release|Any CPU.Build.0 = Release|Any CPU
		{F16D6AEB-C8DD-4254-9058-A8719072D74A}.Debug|iPhoneSimulator.ActiveCfg = Debug|Any CPU
		{F16D6AEB-C8DD-4254-9058-A8719072D74A}.Debug|iPhoneSimulator.Build.0 = Debug|Any CPU
		{F16D6AEB-C8DD-4254-9058-A8719072D74A}.Release|iPhoneSimulator.ActiveCfg = Release|Any CPU
		{F16D6AEB-C8DD-4254-9058-A8719072D74A}.Release|iPhoneSimulator.Build.0 = Release|Any CPU
		{F16D6AEB-C8DD-4254-9058-A8719072D74A}.Debug|iPhone.ActiveCfg = Debug|Any CPU
		{F16D6AEB-C8DD-4254-9058-A8719072D74A}.Debug|iPhone.Build.0 = Debug|Any CPU
		{F16D6AEB-C8DD-4254-9058-A8719072D74A}.Release|iPhone.ActiveCfg = Release|Any CPU
		{F16D6AEB-C8DD-4254-9058-A8719072D74A}.Release|iPhone.Build.0 = Release|Any CPU
		{4D9F7E3A-F94F-4668-B5E7-070263A3BCDE}.Debug|Any CPU.ActiveCfg = Debug|iPhoneSimulator
		{4D9F7E3A-F94F-4668-B5E7-070263A3BCDE}.Debug|Any CPU.Build.0 = Debug|iPhoneSimulator
		{4D9F7E3A-F94F-4668-B5E7-070263A3BCDE}.Release|Any CPU.ActiveCfg = Release|iPhoneSimulator
		{4D9F7E3A-F94F-4668-B5E7-070263A3BCDE}.Release|Any CPU.Build.0 = Release|iPhoneSimulator
		{4D9F7E3A-F94F-4668-B5E7-070263A3BCDE}.Debug|iPhoneSimulator.ActiveCfg = Debug|iPhoneSimulator
		{4D9F7E3A-F94F-4668-B5E7-070263A3BCDE}.Debug|iPhoneSimulator.Build.0 = Debug|iPhoneSimulator
		{4D9F7E3A-F94F-4668-B5E7-070263A3BCDE}.Release|iPhoneSimulator.ActiveCfg = Release|iPhoneSimulator
		{4D9F7E3A-F94F-4668-B5E7-070263A3BCDE}.Release|iPhoneSimulator.Build.0 = Release|iPhoneSimulator
		{4D9F7E3A-F94F-4668-B5E7-070263A3BCDE}.Debug|iPhone.ActiveCfg = Debug|iPhone
		{4D9F7E3A-F94F-4668-B5E7-070263A3BCDE}.Debug|iPhone.Build.0 = Debug|iPhone
		{4D9F7E3A-F94F-4668-B5E7-070263A3BCDE}.Release|iPhone.ActiveCfg = Release|iPhone
		{4D9F7E3A-F94F-4668-B5E7-070263A3BCDE}.Release|iPhone.Build.0 = Release|iPhone
		{CBCF6638-30D5-4508-9D00-1D2BAA9585C5}.Debug|Any CPU.ActiveCfg = Debug|Any CPU
		{CBCF6638-30D5-4508-9D00-1D2BAA9585C5}.Debug|Any CPU.Build.0 = Debug|Any CPU
		{CBCF6638-30D5-4508-9D00-1D2BAA9585C5}.Release|Any CPU.ActiveCfg = Release|Any CPU
		{CBCF6638-30D5-4508-9D00-1D2BAA9585C5}.Release|Any CPU.Build.0 = Release|Any CPU
		{CBCF6638-30D5-4508-9D00-1D2BAA9585C5}.Debug|iPhoneSimulator.ActiveCfg = Debug|Any CPU
		{CBCF6638-30D5-4508-9D00-1D2BAA9585C5}.Debug|iPhoneSimulator.Build.0 = Debug|Any CPU
		{CBCF6638-30D5-4508-9D00-1D2BAA9585C5}.Release|iPhoneSimulator.ActiveCfg = Release|Any CPU
		{CBCF6638-30D5-4508-9D00-1D2BAA9585C5}.Release|iPhoneSimulator.Build.0 = Release|Any CPU
		{CBCF6638-30D5-4508-9D00-1D2BAA9585C5}.Debug|iPhone.ActiveCfg = Debug|Any CPU
		{CBCF6638-30D5-4508-9D00-1D2BAA9585C5}.Debug|iPhone.Build.0 = Debug|Any CPU
		{CBCF6638-30D5-4508-9D00-1D2BAA9585C5}.Release|iPhone.ActiveCfg = Release|Any CPU
		{CBCF6638-30D5-4508-9D00-1D2BAA9585C5}.Release|iPhone.Build.0 = Release|Any CPU
	EndGlobalSection
	GlobalSection(SolutionProperties) = preSolution
		HideSolutionNode = FALSE
	EndGlobalSection
	GlobalSection(ExtensibilityGlobals) = postSolution
		SolutionGuid = {84CE66F6-240F-428E-A56B-7FBF8F29B683}
	EndGlobalSection
EndGlobal
